{
  "version": 1,
  "dependencies": {
    "net10.0": {
      "Microsoft.AspNetCore.Mvc.Testing": {
        "type": "Direct",
        "requested": "[10.0.11, )",
        "resolved": "10.0.11",
        "contentHash": "BJi3rpYETlh0wd14Lg5Is9MWvEf55TAGd7yo+xGHuEZp7ololyvftbQZ1i7ZuITA7DgNPJED6EMhFSWycq7SBg==",
        "dependencies": {
          "Microsoft.AspNetCore.TestHost": "10.0.11",
          "Microsoft.Extensions.DependencyModel": "10.0.11"
        }
      },
      "Microsoft.EntityFrameworkCore": {
        "type": "Direct",
        "requested": "[10.0.11, )",
        "resolved": "10.0.11",
        "contentHash": "VOSGU8en6HZJs8t7UMFN+9vGcRgVOOn6fA44Ngcg2NyvJ3P1KE94iAb0XzaVaGhXGtt+qaM/VtEn0/hzluQJeg==",
        "dependencies": {
          "Microsoft.EntityFrameworkCore.Abstractions": "10.0.11",
          "Microsoft.EntityFrameworkCore.Analyzers": "10.0.11"
        }
      },
      "Microsoft.EntityFrameworkCore.Relational": {
        "type": "Direct",
        "requested": "[10.0.11, )",
        "resolved": "10.0.11",
        "contentHash": "grznnTJgEYxaWpdKAsTzg6j+89jHgCXWYp+QGtlX5O92+w/VuhWM6JLPYb+uw8M9VhGUvOTsO76dYOy9vNPd5Q==",
        "dependencies": {
          "Microsoft.EntityFrameworkCore": "10.0.11"
        }
      },
      "TUnit": {
        "type": "Direct",
        "requested": "[1.66.27, )",
        "resolved": "1.66.27",
        "contentHash": "3pBQuAY79GFln1bcbi0MV5/mCF+xmxf6uixHSIzzllsqTGQFVOkFsDKaCHstgb0cHqX/tFbrXuEtNgAavEGZRQ==",
        "dependencies": {
          "Microsoft.Testing.Extensions.CodeCoverage": "18.10.0",
          "Microsoft.Testing.Extensions.Telemetry": "2.4.0",
          "Microsoft.Testing.Extensions.TrxReport": "2.3.3",
          "TUnit.Assertions": "1.66.27",
          "TUnit.Engine": "1.66.27"
        }
      },
      "TUnit.AspNetCore": {
        "type": "Direct",
        "requested": "[1.66.27, )",
        "resolved": "1.66.27",
        "contentHash": "l6rPA0wGlhP/tuGYRtxHRYz0g7riLXJO13AmqH0noDinnSZ67wrDBQ4g3LNMD2MObBj+Ud6PGyurXBSJ7gES6g==",
        "dependencies": {
          "TUnit": "1.66.27",
          "TUnit.AspNetCore.Core": "1.66.27"
        }
      },
      "ZeroQL": {
        "type": "Direct",
        "requested": "[8.0.0, )",
        "resolved": "8.0.0",
        "contentHash": "Q20YAhHH3SSMqeCh8RYBsMZ1sbfY695UWuIEkLrUFtruKGBB/3j25w6yraSH5uLVoTtpXwe70ADzYvu9LDl4mA=="
      },
      "ChilliCream.Nitro.App": {
        "type": "Transitive",
        "resolved": "32.0.2",
        "contentHash": "wSD2dFFraVpIsQDiy31k1vkGWYAGdzNVXOhtOIujMt/ADAzfkEbJUsPyF4qoktFspepN4VrAN7DMS8QRqkEhTg==",
        "dependencies": {
          "Yarp.ReverseProxy": "2.3.0"
        }
      },
      "EFCore.CheckConstraints": {
        "type": "Transitive",
        "resolved": "10.0.0",
        "contentHash": "O6dAN5TlBvn0NKZ/At9iE3fMBZ89N83nlqnROSuH6W3EIoYIiXohklsIWfTh2iHomPAC9IKGi34D3FpdNbCXxg==",
        "dependencies": {
          "Microsoft.EntityFrameworkCore": "[10.0.0, 11.0.0)",
          "Microsoft.EntityFrameworkCore.Relational": "[10.0.0, 11.0.0)"
        }
      },
      "EFCore.NamingConventions": {
        "type": "Transitive",
        "resolved": "10.0.1",
        "contentHash": "Xs5k8XfNKPkkQSkGmZkmDI1je0prLTdxse+s8PgTFZxyBrlrTLzTBUTVJtQKSsbvu4y+luAv8DdtO5SALJE++A==",
        "dependencies": {
          "Microsoft.EntityFrameworkCore": "[10.0.1, 11.0.0)",
          "Microsoft.EntityFrameworkCore.Relational": "[10.0.1, 11.0.0)"
        }
      },
      "FluentValidation": {
        "type": "Transitive",
        "resolved": "12.1.1",
        "contentHash": "EPpkIe1yh1a0OXyC100oOA8WMbZvqUu5plwhvYcb7oSELfyUZzfxV48BLhvs3kKo4NwG7MGLNgy1RJiYtT8Dpw=="
      },
      "FluentValidation.DependencyInjectionExtensions": {
        "type": "Transitive",
        "resolved": "12.1.1",
        "contentHash": "D0VXh4dtjjX2aQizuaa0g6R8X3U1JaVqJPfGCvLwZX9t/O2h7tkpbitbadQMfwcgSPdDbI2vDxuwRMv/Uf9dHA==",
        "dependencies": {
          "FluentValidation": "12.1.1"
        }
      },
      "Geralt": {
        "type": "Transitive",
        "resolved": "4.4.0",
        "contentHash": "fQ0rNmRFrGkdQNW0IJwfA8VqDwPTDEVmxHme5Acet+70AeKcd9LDTXj8MXFPCHRPiNo3le+lFUW32+tEmITIOQ==",
        "dependencies": {
          "libsodium": "[1.0.22, 1.0.23)"
        }
      },
      "GreenDonut": {
        "type": "Transitive",
        "resolved": "16.7.0-p.5",
        "contentHash": "g+TrTCnyBXHArJt85DogWrhlFj8tEU7UBTHUvGjG6AhPcWEwWhiXlZTTuWovZQl/LGNIdLbE4fo2TSYsUXeFvw==",
        "dependencies": {
          "GreenDonut.Abstractions": "16.7.0-p.5"
        }
      },
      "GreenDonut.Abstractions": {
        "type": "Transitive",
        "resolved": "16.7.0-p.5",
        "contentHash": "YKHUjaOjcZkHP9YkWAuC4x7AURq416+Xotpi45aRNk1ybqlFqnEv6gNN53MQ+uZ6xNeGQHjJUOus7r/0NW58zg=="
      },
      "GreenDonut.Data": {
        "type": "Transitive",
        "resolved": "16.7.0-p.5",
        "contentHash": "NywdZIT0A7As70XKY+cSMFqScR+gV2qpMo1Ee8+XwDfkX3U3/QIKRBO55FWLqRmByJPemoxLIHezWGNfN8x1bg==",
        "dependencies": {
          "GreenDonut": "16.7.0-p.5",
          "GreenDonut.Data.Abstractions": "16.7.0-p.5"
        }
      },
      "GreenDonut.Data.Abstractions": {
        "type": "Transitive",
        "resolved": "16.7.0-p.5",
        "contentHash": "F8VlMLlqykyROyGOOyWJxjUmM8PeXftzHCac88bbTQUWjdRpIa/AsFbV8UKZx1mDl/jXA4AcMO7c61m4fvnH7A==",
        "dependencies": {
          "GreenDonut.Abstractions": "16.7.0-p.5",
          "GreenDonut.Data.Primitives": "16.7.0-p.5"
        }
      },
      "GreenDonut.Data.EntityFramework": {
        "type": "Transitive",
        "resolved": "16.7.0-p.5",
        "contentHash": "PaTeF4ccKXY2D0rFtpKNGIaQEbAiA+qBZwq5T2m2H+44uBSv+iKURjys/nxlmPXuejNujfxstMPhXqfcJvAN8A==",
        "dependencies": {
          "GreenDonut.Data": "16.7.0-p.5",
          "Microsoft.EntityFrameworkCore": "10.0.0"
        }
      },
      "GreenDonut.Data.Primitives": {
        "type": "Transitive",
        "resolved": "16.7.0-p.5",
        "contentHash": "2YHVVCS3/bqPvWrvT1ogEPEqjPVzfTsy9NHa509W7hfldAgovArmxQ6NMvNS0nvjn8R1SaCJj0c19BdwC6WDaA=="
      },
      "HotChocolate": {
        "type": "Transitive",
        "resolved": "16.7.0-p.5",
        "contentHash": "d9G0K9wuOPFjdhm4AK229Ibd7SB17b0/U1MsOBSGsYNUJL5YjrX6tVwbrRju8i7sD8LcHgMuD62LObokW3XDTg==",
        "dependencies": {
          "HotChocolate.Authorization": "16.7.0-p.5",
          "HotChocolate.CostAnalysis": "16.7.0-p.5",
          "HotChocolate.Execution.Projections": "16.7.0-p.5",
          "HotChocolate.Types": "16.7.0-p.5",
          "HotChocolate.Types.CursorPagination": "16.7.0-p.5",
          "HotChocolate.Types.CursorPagination.Extensions": "16.7.0-p.5",
          "HotChocolate.Types.Mutations": "16.7.0-p.5",
          "HotChocolate.Types.Queries": "16.7.0-p.5",
          "HotChocolate.Validation": "16.7.0-p.5"
        }
      },
      "HotChocolate.Abstractions": {
        "type": "Transitive",
        "resolved": "16.7.0-p.5",
        "contentHash": "ZsDMsgkHK88MG3R2y49CSx4VFGFQ/ItCfFM3rzU4k3UI4Y2Sby036cKbqTzsgiQx/UrmzuN53EdzCggr5n+f+g==",
        "dependencies": {
          "HotChocolate.Execution.Abstractions": "16.7.0-p.5",
          "HotChocolate.Language": "16.7.0-p.5",
          "HotChocolate.Primitives": "16.7.0-p.5"
        }
      },
      "HotChocolate.AspNetCore": {
        "type": "Transitive",
        "resolved": "16.7.0-p.5",
        "contentHash": "K1YQ9Ngu9AFnoJHS3fbGj1Htq01IuU1l0Bn1g/hzxG/Qd3OeAB2siWtj9nxxXUfjuYxgkplyCfN2eqbBHObLNQ==",
        "dependencies": {
          "ChilliCream.Nitro.App": "32.0.2",
          "HotChocolate": "16.7.0-p.5",
          "HotChocolate.AspNetCore.Pipeline": "16.7.0-p.5",
          "HotChocolate.Subscriptions.InMemory": "16.7.0-p.5",
          "HotChocolate.Transport.Formatters": "16.7.0-p.5",
          "HotChocolate.Transport.Sockets": "16.7.0-p.5",
          "HotChocolate.Types.Scalars.Upload": "16.7.0-p.5",
          "HotChocolate.Utilities.DependencyInjection": "16.7.0-p.5"
        }
      },
      "HotChocolate.AspNetCore.Authorization": {
        "type": "Transitive",
        "resolved": "16.7.0-p.5",
        "contentHash": "Law6k7OcarPA1S7pdGn8a9Z0LxzZyxAdnWJjHF3Eu/mx+GRgn7hGMgm6pgxY9Jrqck3V9txmHc3/aIOJzLoTww==",
        "dependencies": {
          "HotChocolate": "16.7.0-p.5"
        }
      },
      "HotChocolate.AspNetCore.CommandLine": {
        "type": "Transitive",
        "resolved": "16.7.0-p.5",
        "contentHash": "+9nJFmtJ4i0WfPNXbP+oQ2qDOLUyYUWpfG0/tJzXeyX5vMyJDmKhieX6CIMGDoKkk3fhVhhQNR47sH8AuqAQlQ==",
        "dependencies": {
          "HotChocolate": "16.7.0-p.5",
          "System.CommandLine": "2.0.5"
        }
      },
      "HotChocolate.AspNetCore.Pipeline": {
        "type": "Transitive",
        "resolved": "16.7.0-p.5",
        "contentHash": "6OkrZlgmJ1WJVhTci2tKuupnIAnqqdwJy0rpxxphZvGnVXNZeTlNS1UmOJlDZE3sm6ma4ReiH08xP2ltIR5+BA==",
        "dependencies": {
          "ChilliCream.Nitro.App": "32.0.2",
          "HotChocolate.Caching.Memory": "16.7.0-p.5",
          "HotChocolate.PersistedOperations.Abstractions": "16.7.0-p.5",
          "HotChocolate.Transport.Formatters": "16.7.0-p.5",
          "HotChocolate.Transport.Sockets": "16.7.0-p.5"
        }
      },
      "HotChocolate.Authorization": {
        "type": "Transitive",
        "resolved": "16.7.0-p.5",
        "contentHash": "dakvoNZYYVblhjIYjUKp/6uGqpGwsrsxM7xhQYpIRVJUfBbEw4XkKXiazm+XQ67YBuPi2q4jODrU1yC1Tjnz0Q==",
        "dependencies": {
          "HotChocolate.Types": "16.7.0-p.5"
        }
      },
      "HotChocolate.Caching.Memory": {
        "type": "Transitive",
        "resolved": "16.7.0-p.5",
        "contentHash": "kGRokhLSDm7EJAjHS9cZ9gGymH5gdN2I4TTz2ejK3OFwKPUWsNRFDkepyz2SRnrx0g2gg5mNgP+hiOCvKrXWyQ=="
      },
      "HotChocolate.CostAnalysis": {
        "type": "Transitive",
        "resolved": "16.7.0-p.5",
        "contentHash": "prZFX5MwxyR/r7Bmuf88E3AXcwC/uu/0IoM/3rHyYvKDRVN4sDvM7EqyxtNMwUQn2kCuQ4YQrkiwX7LlV8x/hg==",
        "dependencies": {
          "HotChocolate.Types": "16.7.0-p.5"
        }
      },
      "HotChocolate.Data": {
        "type": "Transitive",
        "resolved": "16.7.0-p.5",
        "contentHash": "7JI+Yw35vHaKuQNPbv35BMqCFWGZO/ryRzgNvRUtrOJX+37I9B4K2+CJIG9gKg7bW+hnxCrsLYwOx9wj3gkyQw==",
        "dependencies": {
          "GreenDonut.Data": "16.7.0-p.5",
          "GreenDonut.Data.Abstractions": "16.7.0-p.5",
          "GreenDonut.Data.Primitives": "16.7.0-p.5",
          "HotChocolate.Execution.Operation.Abstractions": "16.7.0-p.5",
          "HotChocolate.Execution.Projections": "16.7.0-p.5",
          "HotChocolate.Types": "16.7.0-p.5",
          "HotChocolate.Types.CursorPagination.Extensions": "16.7.0-p.5"
        }
      },
      "HotChocolate.Execution.Abstractions": {
        "type": "Transitive",
        "resolved": "16.7.0-p.5",
        "contentHash": "kokpctDgb2jOPhE68ErAcfoaz6JwAO3hfm1TmpB0D2gMM5Cyri8QvvBWsbtsTqWCTbFuy/j+iHVE1k/FuTyUrg==",
        "dependencies": {
          "HotChocolate.Features": "16.7.0-p.5",
          "HotChocolate.Language.SyntaxTree": "16.7.0-p.5",
          "HotChocolate.Language.Web": "16.7.0-p.5",
          "HotChocolate.Primitives": "16.7.0-p.5",
          "HotChocolate.Text.Json": "16.7.0-p.5",
          "HotChocolate.Types.Abstractions": "16.7.0-p.5",
          "HotChocolate.Utilities.Buffers": "16.7.0-p.5",
          "HotChocolate.Utilities.Tasks": "16.7.0-p.5"
        }
      },
      "HotChocolate.Execution.Configuration.Abstractions": {
        "type": "Transitive",
        "resolved": "16.7.0-p.5",
        "contentHash": "9QCDXjYz5swNZbKaXTpq7kutiXuzM7qh4BVX3zn8jleEamiJ8kXCp5hc1plgF5YK39AewYVZdYxDatFG60Bo3A==",
        "dependencies": {
          "HotChocolate.Abstractions": "16.7.0-p.5"
        }
      },
      "HotChocolate.Execution.Operation.Abstractions": {
        "type": "Transitive",
        "resolved": "16.7.0-p.5",
        "contentHash": "Z/LDYN51TvzyHbAUjdLGLwJxyRC8ZRjxOPDH9IjvKuzvz7TiICFp+8mTAVakJp4a2bXpXATZw+S97x2/hPyYdQ==",
        "dependencies": {
          "HotChocolate.Features": "16.7.0-p.5",
          "HotChocolate.Types.Abstractions": "16.7.0-p.5"
        }
      },
      "HotChocolate.Execution.Pipeline": {
        "type": "Transitive",
        "resolved": "16.7.0-p.5",
        "contentHash": "57qN9OVfpyT5z28zkvr0Mk5KSNMYJGfb/FPiH+glQCRc6CMzKt+Flgt0hjLCm+uQ3Gisdkx6mxgWSMe6Ge8hrA==",
        "dependencies": {
          "HotChocolate.Execution.Abstractions": "16.7.0-p.5",
          "HotChocolate.Validation": "16.7.0-p.5"
        }
      },
      "HotChocolate.Execution.Projections": {
        "type": "Transitive",
        "resolved": "16.7.0-p.5",
        "contentHash": "+/NAJJDBoQzScA5Qw1t2PrKlVROL/7aKowGpeP1MiZk05rgQYDhgM6HmV4738NFPoBvrVWOEfRFfp4+As+bZxw==",
        "dependencies": {
          "GreenDonut.Data": "16.7.0-p.5",
          "GreenDonut.Data.Abstractions": "16.7.0-p.5",
          "GreenDonut.Data.Primitives": "16.7.0-p.5",
          "HotChocolate.Caching.Memory": "16.7.0-p.5",
          "HotChocolate.Execution.Configuration.Abstractions": "16.7.0-p.5",
          "HotChocolate.Types": "16.7.0-p.5"
        }
      },
      "HotChocolate.Features": {
        "type": "Transitive",
        "resolved": "16.7.0-p.5",
        "contentHash": "SgJhQFjoNIBYk6weFgdhclNyWdJe6lje7pEEXwLlCZjFa601R9RqYaxd3IUcLC+oDQ0lN+kyZBuUMIjM4VzN5g=="
      },
      "HotChocolate.Fusion.Language": {
        "type": "Transitive",
        "resolved": "16.7.0-p.5",
        "contentHash": "G7cenEbW+FT8jOeaNAMvM4waDWyg+BoVHxBXw0KetCtSyTzKfDvYocwpo0BVM2m3DhrTTyxj1x4Q0zIdQJqs7A=="
      },
      "HotChocolate.Fusion.Utilities": {
        "type": "Transitive",
        "resolved": "16.7.0-p.5",
        "contentHash": "o+IWUh8FzV5u46KF57q04VccfXMbaR3gfsO6F71VvOBuAChuuCvvf8QV58w7hU26vjPdnlCNm6OQRTrp5MzATQ==",
        "dependencies": {
          "HotChocolate.Execution.Abstractions": "16.7.0-p.5",
          "HotChocolate.Fusion.Language": "16.7.0-p.5",
          "HotChocolate.Language": "16.7.0-p.5",
          "HotChocolate.Types.Abstractions": "16.7.0-p.5"
        }
      },
      "HotChocolate.Language": {
        "type": "Transitive",
        "resolved": "16.7.0-p.5",
        "contentHash": "eMmyoaydb5NzuMs6PcathO2revGBUynq6pqom8dnEOI9HyH8xHOiDtnNlVynpfmGsl/smQ/8k4lcxETtno7XDg==",
        "dependencies": {
          "HotChocolate.Language.SyntaxTree": "16.7.0-p.5",
          "HotChocolate.Language.Utf8": "16.7.0-p.5",
          "HotChocolate.Language.Visitors": "16.7.0-p.5",
          "HotChocolate.Language.Web": "16.7.0-p.5"
        }
      },
      "HotChocolate.Language.SyntaxTree": {
        "type": "Transitive",
        "resolved": "16.7.0-p.5",
        "contentHash": "ItWe/xTrUUPOT8S2bPrHQw3XbQLAR0oSv5eBMLlwP+hwj33ZK3RAhKJXsdnB09zK1BG8LJbV3f5YdyyP9MHCqQ==",
        "dependencies": {
          "HotChocolate.Utilities.Buffers": "16.7.0-p.5"
        }
      },
      "HotChocolate.Language.Utf8": {
        "type": "Transitive",
        "resolved": "16.7.0-p.5",
        "contentHash": "sOETn4DycQACeE8l4qJm/RcWfd2w3HrlKdUESpJwZRDJEjPRRq5qrYFYr1TXhTAXLcpnNOJAX6CQ8JYRf2NTtw==",
        "dependencies": {
          "HotChocolate.Language.SyntaxTree": "16.7.0-p.5",
          "HotChocolate.Language.Utf8.SyntaxTree": "16.7.0-p.5",
          "HotChocolate.Utilities.Buffers": "16.7.0-p.5"
        }
      },
      "HotChocolate.Language.Utf8.SyntaxTree": {
        "type": "Transitive",
        "resolved": "16.7.0-p.5",
        "contentHash": "rQMj3bl9h1iJVSKhHizgzZvrEOCo0WVszRhGVb3ieJiMCP8wGAiqNaNd1Scpzw91Mv5kD6juRM0cXgwiFzfuxw==",
        "dependencies": {
          "HotChocolate.Language.SyntaxTree": "16.7.0-p.5",
          "HotChocolate.Utilities.Buffers": "16.7.0-p.5"
        }
      },
      "HotChocolate.Language.Visitors": {
        "type": "Transitive",
        "resolved": "16.7.0-p.5",
        "contentHash": "Egrvrf4OFVfQRKjPYQiKtYe97dxWCy+UmCqujuJJoDAXIlMTH/zEms7lN7pYFnk7X6jDeiCjcuWfkrMVw9R3Bg==",
        "dependencies": {
          "HotChocolate.Language.SyntaxTree": "16.7.0-p.5"
        }
      },
      "HotChocolate.Language.Web": {
        "type": "Transitive",
        "resolved": "16.7.0-p.5",
        "contentHash": "8mFZQ21YfZwxKKB7C2tLTavN+z0MImIcbn/pXUMQseZEQSJf0G81DkCAFnfPgfbEpg935fE3s4BUVSqt77q/BA==",
        "dependencies": {
          "HotChocolate.Language.Utf8": "16.7.0-p.5",
          "HotChocolate.Language.Visitors": "16.7.0-p.5"
        }
      },
      "HotChocolate.PersistedOperations.Abstractions": {
        "type": "Transitive",
        "resolved": "16.7.0-p.5",
        "contentHash": "nEQ4JJXwlywqaNVYnIIVP7cFTKGiSHkDWEVzUlWN6PQoUE7wo9lBcC4Pkywcirw8oURkHecnXZHSMG4+76j4ig==",
        "dependencies": {
          "HotChocolate.Execution.Abstractions": "16.7.0-p.5"
        }
      },
      "HotChocolate.PersistedOperations.Pipeline": {
        "type": "Transitive",
        "resolved": "16.7.0-p.5",
        "contentHash": "falGUyP1/4KISHrDAe4fMbkv+d43VNOpP2WdUTW2DKn/1ERVBsJBRHe9pzMcf/O5AFoiwNLOb2Ty5v7lxBKINA==",
        "dependencies": {
          "HotChocolate.PersistedOperations.Abstractions": "16.7.0-p.5"
        }
      },
      "HotChocolate.Primitives": {
        "type": "Transitive",
        "resolved": "16.7.0-p.5",
        "contentHash": "sm04Pg6csByYzacH6aAWYEW3pN7MKsk3XyrJ0YbSsMk3MI9NUCByd8zibmaf5/MVOognDVzKCCskgy55JJODEQ==",
        "dependencies": {
          "HotChocolate.Language": "16.7.0-p.5"
        }
      },
      "HotChocolate.Subscriptions": {
        "type": "Transitive",
        "resolved": "16.7.0-p.5",
        "contentHash": "0Laes5TmdNYn0RgZDBvK9T5LC15IlGJQbXzIRu/BNF4uzvGy0XG7UW5L5/Mo7ECpAO3AjQjPa/OX9Y4hx6zCTQ==",
        "dependencies": {
          "HotChocolate.Abstractions": "16.7.0-p.5",
          "HotChocolate.Execution.Configuration.Abstractions": "16.7.0-p.5",
          "HotChocolate.Utilities": "16.7.0-p.5"
        }
      },
      "HotChocolate.Subscriptions.InMemory": {
        "type": "Transitive",
        "resolved": "16.7.0-p.5",
        "contentHash": "vjxEDQf0dLuUIcHBt19xdfSRy1mlfSXU9iNI0MKCfA2X3tFPEDJiL1iXmFxUMqtLiDBHgJHCn3PChRRY5aNPIA==",
        "dependencies": {
          "HotChocolate.Execution.Configuration.Abstractions": "16.7.0-p.5",
          "HotChocolate.Subscriptions": "16.7.0-p.5"
        }
      },
      "HotChocolate.Text.Json": {
        "type": "Transitive",
        "resolved": "16.7.0-p.5",
        "contentHash": "7SDDXf7PEZX1wfBBo/uXM23GD+65GskO6sCZtpuxvzsQelXULnt5F5mjoT24+zQMU+wKgq3tWiDH+fQ2N138rg=="
      },
      "HotChocolate.Transport.Formatters": {
        "type": "Transitive",
        "resolved": "16.7.0-p.5",
        "contentHash": "cgapRwwnVYDmOepbBOR197q9Ykt54dcKUQiNYlzX1SN12mtQGeiBrXWnMFwFdXTgUWqz1NNHux1uH8CtClb11w==",
        "dependencies": {
          "HotChocolate.Execution.Abstractions": "16.7.0-p.5",
          "HotChocolate.Utilities.Buffers": "16.7.0-p.5",
          "HotChocolate.Utilities.Tasks": "16.7.0-p.5"
        }
      },
      "HotChocolate.Transport.Sockets": {
        "type": "Transitive",
        "resolved": "16.7.0-p.5",
        "contentHash": "Gzl4tM6TRmx3LJLvq/p+MYn9AA+PyflMI4KcZQqlAJE6cJsUAQ7t8b5NE6v/OgTWbw1eUU6XN4Oo8MoxkIGmTQ=="
      },
      "HotChocolate.Types": {
        "type": "Transitive",
        "resolved": "16.7.0-p.5",
        "contentHash": "2j2SSKYIQz0mVh2MSJn2j3tH/afnUe6JzE30Nd/5KGA6Yca7vSrW+2Z9H4DDJquTw1perCliYpv+xvyieipxZA==",
        "dependencies": {
          "GreenDonut": "16.7.0-p.5",
          "GreenDonut.Data.Primitives": "16.7.0-p.5",
          "HotChocolate.Abstractions": "16.7.0-p.5",
          "HotChocolate.Caching.Memory": "16.7.0-p.5",
          "HotChocolate.Execution.Abstractions": "16.7.0-p.5",
          "HotChocolate.Execution.Configuration.Abstractions": "16.7.0-p.5",
          "HotChocolate.Execution.Operation.Abstractions": "16.7.0-p.5",
          "HotChocolate.Execution.Pipeline": "16.7.0-p.5",
          "HotChocolate.Features": "16.7.0-p.5",
          "HotChocolate.Fusion.Language": "16.7.0-p.5",
          "HotChocolate.Fusion.Utilities": "16.7.0-p.5",
          "HotChocolate.PersistedOperations.Abstractions": "16.7.0-p.5",
          "HotChocolate.PersistedOperations.Pipeline": "16.7.0-p.5",
          "HotChocolate.Text.Json": "16.7.0-p.5",
          "HotChocolate.Transport.Formatters": "16.7.0-p.5",
          "HotChocolate.Types.Abstractions": "16.7.0-p.5",
          "HotChocolate.Utilities": "16.7.0-p.5",
          "HotChocolate.Utilities.Base36": "16.7.0-p.5",
          "HotChocolate.Utilities.DependencyInjection": "16.7.0-p.5"
        }
      },
      "HotChocolate.Types.Abstractions": {
        "type": "Transitive",
        "resolved": "16.7.0-p.5",
        "contentHash": "VxTjQ8KljLXaL490gwDfyoAL8E0IRtWwQAbr08ngA11bZCa72QmvO9T4SsnpSlzbeg5jV/YsOhXQY1ih+Oc0Lg==",
        "dependencies": {
          "HotChocolate.Features": "16.7.0-p.5",
          "HotChocolate.Primitives": "16.7.0-p.5"
        }
      },
      "HotChocolate.Types.CursorPagination": {
        "type": "Transitive",
        "resolved": "16.7.0-p.5",
        "contentHash": "Fxcho/YCYefRTx/oMMZ4yRMCCIxOmPhnNE4ku82okbbkns+j/MuOgeDYCnbYe7Mb2MDGfU8JsTTPQEhYbHjZhg==",
        "dependencies": {
          "HotChocolate.Execution.Configuration.Abstractions": "16.7.0-p.5",
          "HotChocolate.Types": "16.7.0-p.5"
        }
      },
      "HotChocolate.Types.CursorPagination.Extensions": {
        "type": "Transitive",
        "resolved": "16.7.0-p.5",
        "contentHash": "hmLE2LzAApAYQOR+nQfVd+RpzywRfRiS/zpzPXQAybs3nmfOdyXgdGuTyPlL78dHWZS5bfdV4elm/8G3iuLe1Q==",
        "dependencies": {
          "GreenDonut.Data": "16.7.0-p.5",
          "HotChocolate.Types.CursorPagination": "16.7.0-p.5"
        }
      },
      "HotChocolate.Types.Errors": {
        "type": "Transitive",
        "resolved": "16.7.0-p.5",
        "contentHash": "84ufuIMqixpYHyqBZpwizQN203ZZZ0OO77OVbio2T7DHfit+BBW5NR9osESb5fWhk1Ft1yHrrHhJY+9tLzwB9g==",
        "dependencies": {
          "HotChocolate.Types": "16.7.0-p.5"
        }
      },
      "HotChocolate.Types.Mutations": {
        "type": "Transitive",
        "resolved": "16.7.0-p.5",
        "contentHash": "PcJsKwyFC5KX45B+vZGnMkj464OxtClXbUmQg9slm5IP2z6da1mxhalP9esht2YVajBQsA9cInECgYn1s2hT7A==",
        "dependencies": {
          "HotChocolate.Types": "16.7.0-p.5",
          "HotChocolate.Types.Errors": "16.7.0-p.5"
        }
      },
      "HotChocolate.Types.NodaTime": {
        "type": "Transitive",
        "resolved": "16.7.0-p.5",
        "contentHash": "/WwgBS1F1SdJ/ovhQF8REJ/M4xliSMwdPME3RP65tHx62tH818GA8KXoK6VN3aM0lkfNSg8K5fGcrsVaS+rVBg==",
        "dependencies": {
          "HotChocolate.Types": "16.7.0-p.5",
          "NodaTime": "3.2.2"
        }
      },
      "HotChocolate.Types.Queries": {
        "type": "Transitive",
        "resolved": "16.7.0-p.5",
        "contentHash": "JG9pT31pfgfZjPtD78CfoZZHTHJJVNfY6Vnn9705ZnhBtHLZkJVtQJTLe+pT5/z3kbNNnISzFO6W5qdjiFmdjg==",
        "dependencies": {
          "HotChocolate.Types": "16.7.0-p.5",
          "HotChocolate.Types.Errors": "16.7.0-p.5"
        }
      },
      "HotChocolate.Types.Scalars.Upload": {
        "type": "Transitive",
        "resolved": "16.7.0-p.5",
        "contentHash": "ru+eLPPsMIDGqKxK1nJSMKUK3LqwNpPOMIQUCdHWAKRHvavJYm5ZCz+0NtP+rDKBFNgZgE8rmH6UjaUR+D6E9w==",
        "dependencies": {
          "HotChocolate.Types": "16.7.0-p.5"
        }
      },
      "HotChocolate.Utilities": {
        "type": "Transitive",
        "resolved": "16.7.0-p.5",
        "contentHash": "0v067t1SL/d51Mv+E6bE/tg8DQeEXhnoy7DtgkggQhf0rPXs5w3rLhWY/XOkSiQa82TRWk6OQh0+St48qzaZDg==",
        "dependencies": {
          "HotChocolate.Utilities.Buffers": "16.7.0-p.5",
          "HotChocolate.Utilities.Tasks": "16.7.0-p.5"
        }
      },
      "HotChocolate.Utilities.Base36": {
        "type": "Transitive",
        "resolved": "16.7.0-p.5",
        "contentHash": "GmK5ZOHr97k1NTAWCj5cZ9VZdgTtSL8FoIRkhcIugILcauRgp9tzpkQab7mMZacKkOe7GC6lqsu6z3eWPORbXw=="
      },
      "HotChocolate.Utilities.Buffers": {
        "type": "Transitive",
        "resolved": "16.7.0-p.5",
        "contentHash": "PM5QJj21pumE+5rZz/YIBs3/LjyvpLHM30qEaR6Y1Ol+L3mInpb70XcNo8zhE6dpxFMPxtf20CHqGnhQHraJXg=="
      },
      "HotChocolate.Utilities.DependencyInjection": {
        "type": "Transitive",
        "resolved": "16.7.0-p.5",
        "contentHash": "efzjCS6x86QqIm94psUGUUjNi8N1PruS/cLDuPmpVo0+QLGUfAQHtsmYWqCXOFjqPkSGVeSDtQ5/L3vxpQBuYA=="
      },
      "HotChocolate.Utilities.Tasks": {
        "type": "Transitive",
        "resolved": "16.7.0-p.5",
        "contentHash": "SL+f6/bgqfEqw2swNBQGS9b8ioUoneK0H5Yl2IHCMUcn/VVQCgcPVzIhvP+Gf1I0uzI96U4nDpqcPQl367c8Uw=="
      },
      "HotChocolate.Validation": {
        "type": "Transitive",
        "resolved": "16.7.0-p.5",
        "contentHash": "QNEEXIV+eI5Yg56FI+N8QdLWUcPBkDXV4HXs49IlpYqrHmZnHvn8vzw4GZMUUU8YGmdOa0p8athJGyiLAT9MTA==",
        "dependencies": {
          "HotChocolate.Execution.Abstractions": "16.7.0-p.5",
          "HotChocolate.Types.Abstractions": "16.7.0-p.5"
        }
      },
      "libsodium": {
        "type": "Transitive",
        "resolved": "1.0.22",
        "contentHash": "KPD9SloJFclrsjnhABu7dzWrcyYkwPbvx5l1gRSPAX/0n+OBtSiVCKtGFv4n+ecWUHU0tCG9LSSwoZZx673zBQ=="
      },
      "Microsoft.ApplicationInsights": {
        "type": "Transitive",
        "resolved": "2.23.0",
        "contentHash": "nWArUZTdU7iqZLycLKWe0TDms48KKGE6pONH2terYNa8REXiqixrMOkf1sk5DHGMaUTqONU2YkS4SAXBhLStgw=="
      },
      "Microsoft.AspNetCore.OpenApi": {
        "type": "Transitive",
        "resolved": "10.0.11",
        "contentHash": "R/1EATnPLU+gRfB6lwVkMcymmyAY5ppBBdRN/5lhNEiT3xP1sWccuSFkU/f1lQvN/WgRq5Vn8AhCdE3fqgsL/w==",
        "dependencies": {
          "Microsoft.OpenApi": "[2.7.5, 3.0.0)"
        }
      },
      "Microsoft.AspNetCore.TestHost": {
        "type": "Transitive",
        "resolved": "10.0.11",
        "contentHash": "IVGNbZVxLuL80y7cmXYfhIFoTGneHkp4D7xXarYe6V/wjo8/2qiSLUwWax1/h2eHtJ3Y5cuqmtpOyWMnXIsUMA=="
      },
      "Microsoft.DiaSymReader": {
        "type": "Transitive",
        "resolved": "2.2.10",
        "contentHash": "zmGsm6b2y3STDa/Of7rdkkfTDV8VuGB8aCqIkLoJIQh5tL78K3zJ8OUyFKnfsaORXmGr9iOKwDkZfUjeXi+CwA=="
      },
      "Microsoft.EntityFrameworkCore.Abstractions": {
        "type": "Transitive",
        "resolved": "10.0.11",
        "contentHash": "6auJR+9+9VunznKfH7WGrHMrnrmA0F7JZ22EXzwXvVhjfnbu9Xq7NSIWaOf3KJsOanM2qf5ajJ2JR5TlcPZTLA=="
      },
      "Microsoft.EntityFrameworkCore.Analyzers": {
        "type": "Transitive",
        "resolved": "10.0.11",
        "contentHash": "Bv7X4wSSnzCQED9WYXKJ8fwgyvKwf0xZM1GO8xkf6CF9zl+UBnvjxmcPnokJRy0JKjc1SlHSzzhx1HcL4jitTQ=="
      },
      "Microsoft.Extensions.DependencyModel": {
        "type": "Transitive",
        "resolved": "10.0.11",
        "contentHash": "PJPtFYsZ+r+uz9qqXWUTEyKeJ1EiBGIJtqavkg9ZXijjGSFAk4Fgi5sqIxj+uAyLZwEKgexDUQXhWhvU6l3+og=="
      },
      "Microsoft.OpenApi": {
        "type": "Transitive",
        "resolved": "2.7.5",
        "contentHash": "0FA67RSnRM4tcBKqiqVu/HPdZ9+QOKbmeRjxRUGTCjPU4C0bmUhd97Dso7Yild5P7nOV6GxJ2xrK0Kv/O9xp0w=="
      },
      "Microsoft.Testing.Extensions.CodeCoverage": {
        "type": "Transitive",
        "resolved": "18.10.0",
        "contentHash": "elUX4tKloHh2VCxagbmhV1039xBuE3lKXITtt/hUYU286hl+ja8poOUsF9OnevKoFKt7+p9vLb1LqqW7rFGi9Q==",
        "dependencies": {
          "Microsoft.DiaSymReader": "2.2.10",
          "Microsoft.Extensions.DependencyModel": "10.0.10",
          "Microsoft.Testing.Platform": "2.3.3"
        }
      },
      "Microsoft.Testing.Extensions.Telemetry": {
        "type": "Transitive",
        "resolved": "2.4.0",
        "contentHash": "JeP1RFqBa11fWmBk8xEfZcMKr4rxWSyI6OZ+659V069CaMkTEOQBW2UdSSeNz3absOsygcn7JJkzerC4LGnZ9w==",
        "dependencies": {
          "Microsoft.ApplicationInsights": "2.23.0",
          "Microsoft.Testing.Platform": "[2.4.0, 3.0.0)"
        }
      },
      "Microsoft.Testing.Extensions.TrxReport": {
        "type": "Transitive",
        "resolved": "2.3.3",
        "contentHash": "vYBqGSlT94B8d6d4PRdPQ83ogn3kK4kXcnI3SlHBHZu1XsU01IDTMnWoto5v5wXN/Mz4XsVM3Do/sJdGRgH29g==",
        "dependencies": {
          "Microsoft.Testing.Extensions.TrxReport.Abstractions": "2.3.3",
          "Microsoft.Testing.Platform": "2.3.3"
        }
      },
      "Microsoft.Testing.Extensions.TrxReport.Abstractions": {
        "type": "Transitive",
        "resolved": "2.4.0",
        "contentHash": "uRb+4qM42dFDg4kWJZ2kFEcwESNVCRZJjItp5vETorN3rSJGysP617LqYirOcrCYmxg+obPreHMM5JcsNDKtBw==",
        "dependencies": {
          "Microsoft.Testing.Platform": "[2.4.0, 3.0.0)"
        }
      },
      "Microsoft.Testing.Platform": {
        "type": "Transitive",
        "resolved": "2.4.0",
        "contentHash": "dp1N3P1ujb0ztwFgqz2o/ItEvq+pm19/AiA+Xq7Zpcy7oPMcxDBZLYGtf0LlU1MveEBJuKVjZhI+LnkfcH/0jQ=="
      },
      "Microsoft.Testing.Platform.MSBuild": {
        "type": "Transitive",
        "resolved": "2.4.0",
        "contentHash": "qr5M6h16YHMJLFDcWELFVMMpGte2BUmveBZKT5YoBV+bmuJRPu9bv/Zqke4yQuOEKRNxoAETrG5jr+/6Rnr3Hg==",
        "dependencies": {
          "Microsoft.Testing.Platform": "[2.4.0, 3.0.0)"
        }
      },
      "NodaTime": {
        "type": "Transitive",
        "resolved": "3.3.3",
        "contentHash": "EwouHZv99j5hraq34yQqvCQGDR59dynxPHlxFm2vY/sw2N2aR8cFel29ZxPqohjBWp9Qsnld7QCY+7uZ2PESGg=="
      },
      "NodaTime.Serialization.SystemTextJson": {
        "type": "Transitive",
        "resolved": "1.4.0",
        "contentHash": "jGe0WLNAoRb3efOgsa5iecmMuzP+LNdtw2Rs4N9+2pS4YN+kg8e9Z48Jk47WWebcpqF81YdWT2KNInbXZXTS7w==",
        "dependencies": {
          "NodaTime": "[3.0.0, 4.0.0)"
        }
      },
      "Npgsql": {
        "type": "Transitive",
        "resolved": "10.0.3",
        "contentHash": "7nb5YzXuvWWJxB0J8DiyL3we+X4FOctZrt0fIBnucOIaIevFEEwGQVZKtiu9olXdlNAK1eNgqSral6r/jlhI4w=="
      },
      "Npgsql.EntityFrameworkCore.PostgreSQL": {
        "type": "Transitive",
        "resolved": "10.0.3",
        "contentHash": "IPGrrZnRkuW7OlHDhUESZz4G5DLkW7Nej/O3Cx+0iTsgyU5XJxBgpsvTHLloo3WWuAKKbDHXBvWPVkX1deRh1Q==",
        "dependencies": {
          "Microsoft.EntityFrameworkCore": "[10.0.4, 11.0.0)",
          "Microsoft.EntityFrameworkCore.Relational": "[10.0.4, 11.0.0)",
          "Npgsql": "10.0.3"
        }
      },
      "Npgsql.EntityFrameworkCore.PostgreSQL.NodaTime": {
        "type": "Transitive",
        "resolved": "10.0.3",
        "contentHash": "V84fTKMoEBsi5bAKVWrLDWimGqC6Dhn7ioBtoTpsfjpRmTcpv7FqhSqlqREO+6sHFH2sSXEZHEPWJTPsuKhfjA==",
        "dependencies": {
          "Npgsql.EntityFrameworkCore.PostgreSQL": "10.0.3",
          "Npgsql.NodaTime": "10.0.3"
        }
      },
      "Npgsql.NodaTime": {
        "type": "Transitive",
        "resolved": "10.0.3",
        "contentHash": "6ba1CM/zAoI7bTuBV7cFhTR3qqUsY5FqqqNoOh7dHoFHcyEEpIsMui3mC3Swyc+oyAJG0Zf8DCiXPnAf+sW09A==",
        "dependencies": {
          "NodaTime": "3.2.2",
          "Npgsql": "10.0.3"
        }
      },
      "OpenTelemetry": {
        "type": "Transitive",
        "resolved": "1.18.0",
        "contentHash": "13AKxycK+olOLe061MjliPTNBR/DUkjyRr0b9zwUhKyMjFS8lXS7G31R85rkbM55up2YFmdykWdAw2giBDJpiQ==",
        "dependencies": {
          "OpenTelemetry.Api.ProviderBuilderExtensions": "1.18.0"
        }
      },
      "OpenTelemetry.Api": {
        "type": "Transitive",
        "resolved": "1.18.0",
        "contentHash": "Dhzm5oughIY9EWckt2J1yXcEbXpki5WCL2q7prJoYxzH6C7jdkfGtPMTkUVZZ4AhjJKzQnlC+kLSIlmIVwC4Vw=="
      },
      "OpenTelemetry.Api.ProviderBuilderExtensions": {
        "type": "Transitive",
        "resolved": "1.18.0",
        "contentHash": "io6A6PJFp3vIObRGf6oPjdHsdglkinXt/0SpTDJHrVnsLxUtOzwh/QwTsnhBJ43wJ6QcGMkyNzsSSY8XEB1Q5Q==",
        "dependencies": {
          "OpenTelemetry.Api": "1.18.0"
        }
      },
      "OpenTelemetry.Exporter.OpenTelemetryProtocol": {
        "type": "Transitive",
        "resolved": "1.18.0",
        "contentHash": "Et3WAviooKGObZjUZN8d6eTsdJs1YM3ZoN+KlWSAHksTmHG1nyGi9XGo2wb0fkFMWK0g80FOPdR1njg52Dm+aw==",
        "dependencies": {
          "OpenTelemetry": "1.18.0"
        }
      },
      "OpenTelemetry.Extensions.Hosting": {
        "type": "Transitive",
        "resolved": "1.18.0",
        "contentHash": "u+JMA82H65MKwMvd2qUpL8C2qE4Jux2nvX9hmy036UK/Apv2YyIRYCttF/vlX6nMPcAKI8BXkscmL4QG3C69fw==",
        "dependencies": {
          "OpenTelemetry": "1.18.0"
        }
      },
      "OpenTelemetry.Instrumentation.AspNetCore": {
        "type": "Transitive",
        "resolved": "1.18.0",
        "contentHash": "hBiMXE/CGIAHUOpi0gScNkjHB0L9XbCin5lZObL+dMBl4OmpndnHgxP3JZDnnGtU6qOzdeh8TYUV9f6Jgmmhlw==",
        "dependencies": {
          "OpenTelemetry.Api.ProviderBuilderExtensions": "[1.18.0, 2.0.0)"
        }
      },
      "OpenTelemetry.Instrumentation.Http": {
        "type": "Transitive",
        "resolved": "1.18.0",
        "contentHash": "/X57peOOa4a+9V4DSVXbuIWdsAxmU5gsxw8lu+gJU0zuewsYhC9f6qdm8GEW0VvqG9e+gxn0HdVR5G3YHcWDTw==",
        "dependencies": {
          "OpenTelemetry.Api.ProviderBuilderExtensions": "[1.18.0, 2.0.0)"
        }
      },
      "Scalar.AspNetCore": {
        "type": "Transitive",
        "resolved": "2.17.3",
        "contentHash": "TwAf1zy/MH2famozcDqk9+/jD37VAbonRXfnjAso0Q2YKeWtA0kH59WxhuevvAxWDL3jUU3TDpNmUFS2gF9bHw=="
      },
      "SharpGrip.FluentValidation.AutoValidation.Endpoints": {
        "type": "Transitive",
        "resolved": "2.0.0",
        "contentHash": "XO7t6wVt1XmO2BG2Y23X8/CFnu0r7XVlJTcWymTNoyXHHcr0Kip+b3IEe+Gc7kNqTXnCO+Rrmt6Xy9YdJ3b6yw==",
        "dependencies": {
          "SharpGrip.FluentValidation.AutoValidation.Shared": "2.0.0"
        }
      },
      "SharpGrip.FluentValidation.AutoValidation.Shared": {
        "type": "Transitive",
        "resolved": "2.0.0",
        "contentHash": "0DWoin27wm38K/O0zVS5yeWJld2eg588B+4wJSmVlISrOj3kGwRmWCEXFR8lTNWFnKpXHNOtrIo1vdZnhkhzQg==",
        "dependencies": {
          "FluentValidation": "10.0.0"
        }
      },
      "System.CommandLine": {
        "type": "Transitive",
        "resolved": "2.0.5",
        "contentHash": "2XtWAPk1G6arpe3OCFNrYYuf6iIboznxs2elJSGgd8e0euou7LfGYFon6hBEfDWNtOLr0M3+oUVgy1a5EGa41A=="
      },
      "System.IO.Hashing": {
        "type": "Transitive",
        "resolved": "8.0.0",
        "contentHash": "ne1843evDugl0md7Fjzy6QjJrzsjh46ZKbhf8GwBXb5f/gw97J4bxMs0NQKifDuThh/f0bZ0e62NPl1jzTuRqA=="
      },
      "Tirion.FairyBread": {
        "type": "Transitive",
        "resolved": "13.2.0",
        "contentHash": "7TUKBoAQrEOCSVfOGVZyte1yvqRLAPJxnbcxeLzJrax09rKvPbqJKKZVlzlxH3ucj2BItSdI6lXC8qrNem3oHA==",
        "dependencies": {
          "FluentValidation": "12.1.1",
          "HotChocolate.Types": "16.6.0"
        }
      },
      "TUnit.AspNetCore.Core": {
        "type": "Transitive",
        "resolved": "1.66.27",
        "contentHash": "4S2OdL9CBAEieNrNPZUwm2AGK5KXzXr2c8nJFfL8aruvCsYeKYUYEdm6wSQPHBZk+yHA00EfRE8oWzsFPa0U1Q==",
        "dependencies": {
          "Microsoft.AspNetCore.Mvc.Testing": "10.0.11",
          "OpenTelemetry.Extensions.Hosting": "1.18.0",
          "OpenTelemetry.Instrumentation.AspNetCore": "1.18.0",
          "OpenTelemetry.Instrumentation.Http": "1.18.0",
          "TUnit.Core": "1.66.27",
          "TUnit.Logging.Microsoft": "1.66.27",
          "TUnit.OpenTelemetry": "1.66.27"
        }
      },
      "TUnit.Assertions": {
        "type": "Transitive",
        "resolved": "1.66.27",
        "contentHash": "tjkydsBhXIm5N5CTHmagRwtzy9wYphuO3PXKYr8rba8VVk96cLuI7SlG3KPYQcIiRKPwpzpv1TpOxDEEkj9P9g=="
      },
      "TUnit.Core": {
        "type": "Transitive",
        "resolved": "1.66.27",
        "contentHash": "vh3sk+ezfKn9KuAH23Cr6DqWdx+eJj5yvDeHpVsfYrOFytiI2veY/w3ZJI5NG+Prt4g4rx9Y8i30T9oKJrjAYg=="
      },
      "TUnit.Engine": {
        "type": "Transitive",
        "resolved": "1.66.27",
        "contentHash": "OdDEUCWO686+J1+V8140FG2HM0KAJ/+xJWm87MZ9nuPbwSWtZjswfdxD4TZCldlp57/uNSXSILe7td2d99vztg==",
        "dependencies": {
          "Microsoft.Testing.Extensions.TrxReport.Abstractions": "2.4.0",
          "Microsoft.Testing.Platform": "2.4.0",
          "Microsoft.Testing.Platform.MSBuild": "2.4.0",
          "TUnit.Core": "1.66.27"
        }
      },
      "TUnit.Logging.Microsoft": {
        "type": "Transitive",
        "resolved": "1.66.27",
        "contentHash": "cuRo5lbbBhl54ApwFjvdHDyiSlQ2RAQb84DUU4T6SqmLin3n+yFdozggdqZjiNC4ZnGF6qTvCmLwLWT0MC45Wg==",
        "dependencies": {
          "TUnit.Core": "1.66.27"
        }
      },
      "TUnit.OpenTelemetry": {
        "type": "Transitive",
        "resolved": "1.66.27",
        "contentHash": "oCMEERu57KWeqbLx0/7kCQqqGekcG8UNYi5REGx/U1wQVtQZnAlwZ2uruaOTyFabod5dI31Wjs6Pmokvu4FICw==",
        "dependencies": {
          "OpenTelemetry": "1.18.0",
          "OpenTelemetry.Exporter.OpenTelemetryProtocol": "1.18.0",
          "TUnit.Core": "1.66.27"
        }
      },
      "Yarp.ReverseProxy": {
        "type": "Transitive",
        "resolved": "2.3.0",
        "contentHash": "gxtkN3a+9biu9V9Zd5NaTO6VZWXAnS2mhQ0R/VXmSPoTuiQNZsakKikrKpDtKxrL5nUYzbRsHtl40WNq+ZBKKg==",
        "dependencies": {
          "System.IO.Hashing": "8.0.0"
        }
      },
      "api": {
        "type": "Project",
        "dependencies": {
          "EFCore.CheckConstraints": "[10.0.0, )",
          "EFCore.NamingConventions": "[10.0.1, )",
          "FluentValidation": "[12.1.1, )",
          "FluentValidation.DependencyInjectionExtensions": "[12.1.1, )",
          "Geralt": "[4.4.0, )",
          "GreenDonut": "[16.7.0-p.5, )",
          "GreenDonut.Abstractions": "[16.7.0-p.5, )",
          "GreenDonut.Data.EntityFramework": "[16.7.0-p.5, )",
          "HotChocolate.AspNetCore": "[16.7.0-p.5, )",
          "HotChocolate.AspNetCore.Authorization": "[16.7.0-p.5, )",
          "HotChocolate.AspNetCore.CommandLine": "[16.7.0-p.5, )",
          "HotChocolate.Data": "[16.7.0-p.5, )",
          "HotChocolate.Types.NodaTime": "[16.7.0-p.5, )",
          "Microsoft.AspNetCore.OpenApi": "[10.0.11, )",
          "NodaTime": "[3.3.3, )",
          "NodaTime.Serialization.SystemTextJson": "[1.4.0, )",
          "Npgsql.EntityFrameworkCore.PostgreSQL": "[10.0.3, )",
          "Npgsql.EntityFrameworkCore.PostgreSQL.NodaTime": "[10.0.3, )",
          "Npgsql.NodaTime": "[10.0.3, )",
          "Scalar.AspNetCore": "[2.17.3, )",
          "SharpGrip.FluentValidation.AutoValidation.Endpoints": "[2.0.0, )",
          "Tirion.FairyBread": "[13.2.0, )"
        }
      }
    }
  }
}