{
  "version": 1,
  "dependencies": {
    "net10.0": {
      "EFCore.CheckConstraints": {
        "type": "Direct",
        "requested": "[10.0.0, )",
        "resolved": "10.0.0",
        "contentHash": "O6dAN5TlBvn0NKZ/At9iE3fMBZ89N83nlqnROSuH6W3EIoYIiXohklsIWfTh2iHomPAC9IKGi34D3FpdNbCXxg==",
        "dependencies": {
          "Microsoft.EntityFrameworkCore": "[10.0.0, 11.0.0)",
          "Microsoft.EntityFrameworkCore.Relational": "[10.0.0, 11.0.0)"
        }
      },
      "EFCore.NamingConventions": {
        "type": "Direct",
        "requested": "[10.0.1, )",
        "resolved": "10.0.1",
        "contentHash": "Xs5k8XfNKPkkQSkGmZkmDI1je0prLTdxse+s8PgTFZxyBrlrTLzTBUTVJtQKSsbvu4y+luAv8DdtO5SALJE++A==",
        "dependencies": {
          "Microsoft.EntityFrameworkCore": "[10.0.1, 11.0.0)",
          "Microsoft.EntityFrameworkCore.Relational": "[10.0.1, 11.0.0)"
        }
      },
      "FluentValidation": {
        "type": "Direct",
        "requested": "[12.1.1, )",
        "resolved": "12.1.1",
        "contentHash": "EPpkIe1yh1a0OXyC100oOA8WMbZvqUu5plwhvYcb7oSELfyUZzfxV48BLhvs3kKo4NwG7MGLNgy1RJiYtT8Dpw=="
      },
      "FluentValidation.DependencyInjectionExtensions": {
        "type": "Direct",
        "requested": "[12.1.1, )",
        "resolved": "12.1.1",
        "contentHash": "D0VXh4dtjjX2aQizuaa0g6R8X3U1JaVqJPfGCvLwZX9t/O2h7tkpbitbadQMfwcgSPdDbI2vDxuwRMv/Uf9dHA==",
        "dependencies": {
          "FluentValidation": "12.1.1"
        }
      },
      "Geralt": {
        "type": "Direct",
        "requested": "[4.4.0, )",
        "resolved": "4.4.0",
        "contentHash": "fQ0rNmRFrGkdQNW0IJwfA8VqDwPTDEVmxHme5Acet+70AeKcd9LDTXj8MXFPCHRPiNo3le+lFUW32+tEmITIOQ==",
        "dependencies": {
          "libsodium": "[1.0.22, 1.0.23)"
        }
      },
      "GreenDonut.Data.EntityFramework": {
        "type": "Direct",
        "requested": "[16.6.4, )",
        "resolved": "16.6.4",
        "contentHash": "+FjI3XBfdhvDeef+XqAKb5+OQ0IxeR4tocvJZd19zAtvwc3rtDtFTJ7BvSyIMp7TLh3s+XHBI9Rf1D8pBSb+QQ==",
        "dependencies": {
          "GreenDonut.Data": "16.6.4",
          "Microsoft.EntityFrameworkCore": "10.0.0"
        }
      },
      "HotChocolate.AspNetCore": {
        "type": "Direct",
        "requested": "[16.6.4, )",
        "resolved": "16.6.4",
        "contentHash": "sxqZ+B2asfW/vAznKNl+xP+sf8eR3h4lRKYrmDtJPTAbJ4Z8+rWW6DNqbFyoU1LAl1teTbRwPaGPxEqYKumA2Q==",
        "dependencies": {
          "ChilliCream.Nitro.App": "32.0.2",
          "HotChocolate": "16.6.4",
          "HotChocolate.AspNetCore.Pipeline": "16.6.4",
          "HotChocolate.Subscriptions.InMemory": "16.6.4",
          "HotChocolate.Transport.Formatters": "16.6.4",
          "HotChocolate.Transport.Sockets": "16.6.4",
          "HotChocolate.Types.Scalars.Upload": "16.6.4",
          "HotChocolate.Utilities.DependencyInjection": "16.6.4"
        }
      },
      "HotChocolate.AspNetCore.Authorization": {
        "type": "Direct",
        "requested": "[16.6.4, )",
        "resolved": "16.6.4",
        "contentHash": "Gy3hrikuxEq7RgYSvBcL7SN8tKaD2NJOpyFuAtJSUppCoHaumr03601J2EQvWlfnGO50vRIs519Kjw33017Qnw==",
        "dependencies": {
          "HotChocolate": "16.6.4"
        }
      },
      "HotChocolate.AspNetCore.CommandLine": {
        "type": "Direct",
        "requested": "[16.6.4, )",
        "resolved": "16.6.4",
        "contentHash": "SnmhXNEBrYlS/Ba/ONe9GXdzaRNXzWM+1dmY9MQJ+9N3ejUUFBopgAPev1OYz3SXKpGdJRQBG1bRh38e9wXcig==",
        "dependencies": {
          "HotChocolate": "16.6.4",
          "System.CommandLine": "2.0.5"
        }
      },
      "HotChocolate.Data": {
        "type": "Direct",
        "requested": "[16.6.4, )",
        "resolved": "16.6.4",
        "contentHash": "ruKaYosX4yTOAVeDEQfHFSjuIhmCeQpq3ritskH8i74wn8hKhPRsFA9iFPom3qpiZkCJxsCIPQZumGJGf6xpkQ==",
        "dependencies": {
          "GreenDonut.Data": "16.6.4",
          "GreenDonut.Data.Abstractions": "16.6.4",
          "GreenDonut.Data.Primitives": "16.6.4",
          "HotChocolate.Execution.Operation.Abstractions": "16.6.4",
          "HotChocolate.Execution.Projections": "16.6.4",
          "HotChocolate.Types": "16.6.4",
          "HotChocolate.Types.CursorPagination.Extensions": "16.6.4"
        }
      },
      "HotChocolate.Types.Analyzers": {
        "type": "Direct",
        "requested": "[16.6.4, )",
        "resolved": "16.6.4",
        "contentHash": "bigjWuAkEQvxoQCrUzAvowiqS7YrTciape6++hB9YpA2cFH5RQnG+xyTo/MvWCN5jSvnW4izvdae9mhxtfhZZA=="
      },
      "HotChocolate.Types.NodaTime": {
        "type": "Direct",
        "requested": "[16.6.4, )",
        "resolved": "16.6.4",
        "contentHash": "MLZhF+lis4taPD9o+g1HYHgu1Gm7aKTEoIKBqrzpex+lc0MuzpMFA3AnqwN+WQpK8GPlLX4qGv4Kx/cv/j5WsQ==",
        "dependencies": {
          "HotChocolate.Types": "16.6.4",
          "NodaTime": "3.2.2"
        }
      },
      "Microsoft.AspNetCore.OpenApi": {
        "type": "Direct",
        "requested": "[10.0.11, )",
        "resolved": "10.0.11",
        "contentHash": "R/1EATnPLU+gRfB6lwVkMcymmyAY5ppBBdRN/5lhNEiT3xP1sWccuSFkU/f1lQvN/WgRq5Vn8AhCdE3fqgsL/w==",
        "dependencies": {
          "Microsoft.OpenApi": "[2.7.5, 3.0.0)"
        }
      },
      "Microsoft.EntityFrameworkCore.Design": {
        "type": "Direct",
        "requested": "[10.0.11, )",
        "resolved": "10.0.11",
        "contentHash": "0zlzPs/jtrp2jGNZSxHLd0bRgDB/TlCDT17pnt8hovTVgCmC6qbX1277/goAlnZbRip1mZp1TVjjG+tj9PQ/Uw==",
        "dependencies": {
          "Humanizer.Core": "2.14.1",
          "Microsoft.Build.Framework": "18.0.2",
          "Microsoft.CodeAnalysis.CSharp": "5.0.0",
          "Microsoft.CodeAnalysis.CSharp.Workspaces": "5.0.0",
          "Microsoft.CodeAnalysis.Workspaces.MSBuild": "5.0.0",
          "Microsoft.EntityFrameworkCore.Relational": "10.0.11",
          "Microsoft.Extensions.DependencyModel": "10.0.11",
          "Mono.TextTemplating": "3.0.0",
          "Newtonsoft.Json": "13.0.4"
        }
      },
      "Microsoft.Extensions.ApiDescription.Server": {
        "type": "Direct",
        "requested": "[10.0.11, )",
        "resolved": "10.0.11",
        "contentHash": "yijfZoSrAa46NIezh7YRvv0eL4zPuCJtkoMwmYn0EXPoNVU0Bl85ijva7RbX72Usrcfd7AYqQxv9VzYqSvObdw=="
      },
      "NodaTime": {
        "type": "Direct",
        "requested": "[3.3.3, )",
        "resolved": "3.3.3",
        "contentHash": "EwouHZv99j5hraq34yQqvCQGDR59dynxPHlxFm2vY/sw2N2aR8cFel29ZxPqohjBWp9Qsnld7QCY+7uZ2PESGg=="
      },
      "NodaTime.Serialization.SystemTextJson": {
        "type": "Direct",
        "requested": "[1.4.0, )",
        "resolved": "1.4.0",
        "contentHash": "jGe0WLNAoRb3efOgsa5iecmMuzP+LNdtw2Rs4N9+2pS4YN+kg8e9Z48Jk47WWebcpqF81YdWT2KNInbXZXTS7w==",
        "dependencies": {
          "NodaTime": "[3.0.0, 4.0.0)"
        }
      },
      "Npgsql.EntityFrameworkCore.PostgreSQL": {
        "type": "Direct",
        "requested": "[10.0.3, )",
        "resolved": "10.0.3",
        "contentHash": "IPGrrZnRkuW7OlHDhUESZz4G5DLkW7Nej/O3Cx+0iTsgyU5XJxBgpsvTHLloo3WWuAKKbDHXBvWPVkX1deRh1Q==",
        "dependencies": {
          "Microsoft.EntityFrameworkCore": "[10.0.4, 11.0.0)",
          "Microsoft.EntityFrameworkCore.Relational": "[10.0.4, 11.0.0)",
          "Npgsql": "10.0.3"
        }
      },
      "Npgsql.EntityFrameworkCore.PostgreSQL.NodaTime": {
        "type": "Direct",
        "requested": "[10.0.3, )",
        "resolved": "10.0.3",
        "contentHash": "V84fTKMoEBsi5bAKVWrLDWimGqC6Dhn7ioBtoTpsfjpRmTcpv7FqhSqlqREO+6sHFH2sSXEZHEPWJTPsuKhfjA==",
        "dependencies": {
          "Npgsql.EntityFrameworkCore.PostgreSQL": "10.0.3",
          "Npgsql.NodaTime": "10.0.3"
        }
      },
      "Npgsql.NodaTime": {
        "type": "Direct",
        "requested": "[10.0.3, )",
        "resolved": "10.0.3",
        "contentHash": "6ba1CM/zAoI7bTuBV7cFhTR3qqUsY5FqqqNoOh7dHoFHcyEEpIsMui3mC3Swyc+oyAJG0Zf8DCiXPnAf+sW09A==",
        "dependencies": {
          "NodaTime": "3.2.2",
          "Npgsql": "10.0.3"
        }
      },
      "Riok.Mapperly": {
        "type": "Direct",
        "requested": "[4.3.1, )",
        "resolved": "4.3.1",
        "contentHash": "oSE+OVLHyiojrws0QVbQaAT2YKsYbyHqJXPdV7EhGseR/dYgeWS2x1T5qY5I4E+RJkJqMSG+FyZOq4SljWgJWQ=="
      },
      "Scalar.AspNetCore": {
        "type": "Direct",
        "requested": "[2.17.3, )",
        "resolved": "2.17.3",
        "contentHash": "TwAf1zy/MH2famozcDqk9+/jD37VAbonRXfnjAso0Q2YKeWtA0kH59WxhuevvAxWDL3jUU3TDpNmUFS2gF9bHw=="
      },
      "SharpGrip.FluentValidation.AutoValidation.Endpoints": {
        "type": "Direct",
        "requested": "[2.0.0, )",
        "resolved": "2.0.0",
        "contentHash": "XO7t6wVt1XmO2BG2Y23X8/CFnu0r7XVlJTcWymTNoyXHHcr0Kip+b3IEe+Gc7kNqTXnCO+Rrmt6Xy9YdJ3b6yw==",
        "dependencies": {
          "SharpGrip.FluentValidation.AutoValidation.Shared": "2.0.0"
        }
      },
      "Tirion.FairyBread": {
        "type": "Direct",
        "requested": "[13.2.0, )",
        "resolved": "13.2.0",
        "contentHash": "7TUKBoAQrEOCSVfOGVZyte1yvqRLAPJxnbcxeLzJrax09rKvPbqJKKZVlzlxH3ucj2BItSdI6lXC8qrNem3oHA==",
        "dependencies": {
          "FluentValidation": "12.1.1",
          "HotChocolate.Types": "16.6.0"
        }
      },
      "ChilliCream.Nitro.App": {
        "type": "Transitive",
        "resolved": "32.0.2",
        "contentHash": "wSD2dFFraVpIsQDiy31k1vkGWYAGdzNVXOhtOIujMt/ADAzfkEbJUsPyF4qoktFspepN4VrAN7DMS8QRqkEhTg==",
        "dependencies": {
          "Yarp.ReverseProxy": "2.3.0"
        }
      },
      "GreenDonut": {
        "type": "Transitive",
        "resolved": "16.6.4",
        "contentHash": "nzv5xP1krDEqhq4GekXWdKlvGPb0NM8JF3B0WpEqIS/tVG7U3sBaQuGCMSNJ02kvrtcde+YEPYtcTh7Y0SJ+CA==",
        "dependencies": {
          "GreenDonut.Abstractions": "16.6.4"
        }
      },
      "GreenDonut.Abstractions": {
        "type": "Transitive",
        "resolved": "16.6.4",
        "contentHash": "egSQAz8BbFmLqOWtX0s/xlaqz/43fHUzdu/9TjpZ3s4F8FIVgO4rBfKNFWt2nsba9tvT1AW2WbAaf+3pY6IN0w=="
      },
      "GreenDonut.Data": {
        "type": "Transitive",
        "resolved": "16.6.4",
        "contentHash": "kYYLxAEPJl0/vdWF2i5pNs6pndGbuiz8OFAyUovfsu2Guo3dSomkU91PC0kpOeToXoQyRDdjz3GUKNBFnT9PQw==",
        "dependencies": {
          "GreenDonut": "16.6.4",
          "GreenDonut.Data.Abstractions": "16.6.4"
        }
      },
      "GreenDonut.Data.Abstractions": {
        "type": "Transitive",
        "resolved": "16.6.4",
        "contentHash": "Ao8i3nm86+vRKlpctKoWvZ4OdjSLPAQmWp3VMFmCuMVF3rbsVR8TxLRcAG/2/B6VdbGQyOO8tJUGSAooncu28g==",
        "dependencies": {
          "GreenDonut.Abstractions": "16.6.4",
          "GreenDonut.Data.Primitives": "16.6.4"
        }
      },
      "GreenDonut.Data.Primitives": {
        "type": "Transitive",
        "resolved": "16.6.4",
        "contentHash": "p3185VDDm5xV6ZQrkJWkmYaPCVE2BIg6up6R6DrQKnCwIMv3VDzFgNLnVu2eNqoj3iEplBZJBdk1OzvYZO3Xdg=="
      },
      "HotChocolate": {
        "type": "Transitive",
        "resolved": "16.6.4",
        "contentHash": "bvEKPvyd0OhZd5usrPxWcGToM860SOlupW+edNobvZiyltlcxnZkfZ7u8Vx8MNtA0OswLyjaL1RI3+JashlE/g==",
        "dependencies": {
          "HotChocolate.Authorization": "16.6.4",
          "HotChocolate.CostAnalysis": "16.6.4",
          "HotChocolate.Execution.Projections": "16.6.4",
          "HotChocolate.Types": "16.6.4",
          "HotChocolate.Types.CursorPagination": "16.6.4",
          "HotChocolate.Types.CursorPagination.Extensions": "16.6.4",
          "HotChocolate.Types.Mutations": "16.6.4",
          "HotChocolate.Types.Queries": "16.6.4",
          "HotChocolate.Validation": "16.6.4"
        }
      },
      "HotChocolate.Abstractions": {
        "type": "Transitive",
        "resolved": "16.6.4",
        "contentHash": "1ELetbKeMEJXK1D/G9kR55XGF4FkaYS8zvLkWIl/3s75BWPTk97vzC/EBgTEC5Q/Wj7zmBDUwdA7a9noezeoFw==",
        "dependencies": {
          "HotChocolate.Execution.Abstractions": "16.6.4",
          "HotChocolate.Language": "16.6.4",
          "HotChocolate.Primitives": "16.6.4"
        }
      },
      "HotChocolate.AspNetCore.Pipeline": {
        "type": "Transitive",
        "resolved": "16.6.4",
        "contentHash": "j3T4SnePMXVbrOyniu9SFvA7jOfHlcVjEeyvEh60UD/xaPIP1+L5WofDpP1088JwwvLlpYCWdyEmXhNoFy8Q+g==",
        "dependencies": {
          "ChilliCream.Nitro.App": "32.0.2",
          "HotChocolate.Caching.Memory": "16.6.4",
          "HotChocolate.PersistedOperations.Abstractions": "16.6.4",
          "HotChocolate.Transport.Formatters": "16.6.4",
          "HotChocolate.Transport.Sockets": "16.6.4"
        }
      },
      "HotChocolate.Authorization": {
        "type": "Transitive",
        "resolved": "16.6.4",
        "contentHash": "2TIXgq49SYmfC+NMV+poOq83JeScz0ZkEhHSgv91lNDTZINz06DlxcCrlsf2q+ns8fIS3rbnnHJswBzobE+qUA==",
        "dependencies": {
          "HotChocolate.Types": "16.6.4"
        }
      },
      "HotChocolate.Caching.Memory": {
        "type": "Transitive",
        "resolved": "16.6.4",
        "contentHash": "oEOWL5+6wVG7HQHil5EydXcCdV296ZSuUO27mZYAxq5wMx9aX9D/ZkUOWU3To1vo75w767tqrr7+OEGWjPxuiA=="
      },
      "HotChocolate.CostAnalysis": {
        "type": "Transitive",
        "resolved": "16.6.4",
        "contentHash": "LcrorDRmMdWjRyCOxnYbqIuDB/qdP5oFXBw4gkgNdnjov0C7BGz5z0M074OvgdzsnqQYb7iDWcaPPtZq6zCVxA==",
        "dependencies": {
          "HotChocolate.Types": "16.6.4"
        }
      },
      "HotChocolate.Execution.Abstractions": {
        "type": "Transitive",
        "resolved": "16.6.4",
        "contentHash": "pmaAsn6q4C/elx0SVnTGYWZxy3AqY5V7FYf/3CR8fq7i4rMKH/hHe/qfIoAzC6Phbg1tacHlT2YBeOAssQ3GoA==",
        "dependencies": {
          "HotChocolate.Features": "16.6.4",
          "HotChocolate.Language.SyntaxTree": "16.6.4",
          "HotChocolate.Language.Web": "16.6.4",
          "HotChocolate.Primitives": "16.6.4",
          "HotChocolate.Text.Json": "16.6.4",
          "HotChocolate.Types.Abstractions": "16.6.4",
          "HotChocolate.Utilities.Buffers": "16.6.4",
          "HotChocolate.Utilities.Tasks": "16.6.4"
        }
      },
      "HotChocolate.Execution.Configuration.Abstractions": {
        "type": "Transitive",
        "resolved": "16.6.4",
        "contentHash": "OP16Y71IuSuBhGuTNo3gujdBF5HP1WmZYtNV6bUpCv/r4r7dG8rKQYxd2nlnPfTeiFQsvZyqGNKQLxATwxOiCQ==",
        "dependencies": {
          "HotChocolate.Abstractions": "16.6.4"
        }
      },
      "HotChocolate.Execution.Operation.Abstractions": {
        "type": "Transitive",
        "resolved": "16.6.4",
        "contentHash": "yfXI/ps/VYFyVtj3Z29ImoSLxGfn5OTRXmhkpQtKhQLTiFA8DbxU8/swXRx8bTJL8YS3AOAdPn5qiZBD6rz93Q==",
        "dependencies": {
          "HotChocolate.Features": "16.6.4",
          "HotChocolate.Types.Abstractions": "16.6.4"
        }
      },
      "HotChocolate.Execution.Pipeline": {
        "type": "Transitive",
        "resolved": "16.6.4",
        "contentHash": "ZaJ48M13jKTsVphND7rK+JvWkxM3oDmYLL/JDNj0zjMqMH77PQSLVALK/OOKSI0HxhDbKWdVSvUMKg7MoXrJ5A==",
        "dependencies": {
          "HotChocolate.Execution.Abstractions": "16.6.4",
          "HotChocolate.Validation": "16.6.4"
        }
      },
      "HotChocolate.Execution.Projections": {
        "type": "Transitive",
        "resolved": "16.6.4",
        "contentHash": "9cqrsEdbY8JfKgLgRGvM3rBfrC7fvb6rl+kORlXVMOvxDTbL75vrvmKyTHC1HmlJdQ56wTUq33Y6ycEJdoCwNw==",
        "dependencies": {
          "GreenDonut.Data": "16.6.4",
          "GreenDonut.Data.Abstractions": "16.6.4",
          "GreenDonut.Data.Primitives": "16.6.4",
          "HotChocolate.Caching.Memory": "16.6.4",
          "HotChocolate.Execution.Configuration.Abstractions": "16.6.4",
          "HotChocolate.Types": "16.6.4"
        }
      },
      "HotChocolate.Features": {
        "type": "Transitive",
        "resolved": "16.6.4",
        "contentHash": "0SGN2IDkopXsaxaN0qT+Ww5d/Y+yV4ZvG+xCKU0CvWlTnrq6JrpgeZcJF594EwJnXB4Zja3Wn1piKFEh0ewPDw=="
      },
      "HotChocolate.Fusion.Language": {
        "type": "Transitive",
        "resolved": "16.6.4",
        "contentHash": "euXggAJYrOhpd0OpDXLZOQ49AocNkIYUCVEoU6403EDTN46PnaDz2ltGnhcYk8bI1qMq0nm+ZbcmREcdRJfonQ=="
      },
      "HotChocolate.Fusion.Utilities": {
        "type": "Transitive",
        "resolved": "16.6.4",
        "contentHash": "HDz/NdyIDNCfUx2JvInVbsr4F3f9a8jyXlnM5mbGV0caZv8Hr1ozyY9NOyltZtkomdk0TKXVN8YaxBWnfwMBLA==",
        "dependencies": {
          "HotChocolate.Execution.Abstractions": "16.6.4",
          "HotChocolate.Fusion.Language": "16.6.4",
          "HotChocolate.Language": "16.6.4",
          "HotChocolate.Types.Abstractions": "16.6.4"
        }
      },
      "HotChocolate.Language": {
        "type": "Transitive",
        "resolved": "16.6.4",
        "contentHash": "oLEo6gvXVcKN/sDOSKxB0pFYBId1OSdKB+yxVRzg88M3q8N2uq89Q0P7fnpwUuiobay511gvXXihYaBxNt3xVA==",
        "dependencies": {
          "HotChocolate.Language.SyntaxTree": "16.6.4",
          "HotChocolate.Language.Utf8": "16.6.4",
          "HotChocolate.Language.Visitors": "16.6.4",
          "HotChocolate.Language.Web": "16.6.4"
        }
      },
      "HotChocolate.Language.SyntaxTree": {
        "type": "Transitive",
        "resolved": "16.6.4",
        "contentHash": "BDsJMdv6LjYEfGVQiAVhSf50xbAIrigoZUzjUoncbXGXzrfAJaVsGkZs6mR1z0UcTWrlSNoFRosxbtY07iPnCg==",
        "dependencies": {
          "HotChocolate.Utilities.Buffers": "16.6.4"
        }
      },
      "HotChocolate.Language.Utf8": {
        "type": "Transitive",
        "resolved": "16.6.4",
        "contentHash": "Ria0zRrpy4nXVvuczx14Vbe+8jdVPPryUlKjfUVUZCmU9Ntif/XhaFmVYo3HtS+FVkFHSRA1o0DeTXEoDnzX9Q==",
        "dependencies": {
          "HotChocolate.Language.SyntaxTree": "16.6.4",
          "HotChocolate.Language.Utf8.SyntaxTree": "16.6.4",
          "HotChocolate.Utilities.Buffers": "16.6.4"
        }
      },
      "HotChocolate.Language.Utf8.SyntaxTree": {
        "type": "Transitive",
        "resolved": "16.6.4",
        "contentHash": "2nnk9e2GT4N8HlVXvtYYOEJysPUiZMQnjtSnLSltW9YC1VW/E4IGnxxJ2Gt7Mj+4yUSlQ+61DnzOD+UtSF09Kg==",
        "dependencies": {
          "HotChocolate.Language.SyntaxTree": "16.6.4",
          "HotChocolate.Utilities.Buffers": "16.6.4"
        }
      },
      "HotChocolate.Language.Visitors": {
        "type": "Transitive",
        "resolved": "16.6.4",
        "contentHash": "MWHB8709Ho2bQkIXuzTGKw91L9z675poWJ1lg6BGmdg3/ZnfsXGAv8cdP/cA4UzB1rOtYJTqrh2YP7xywHvwCQ==",
        "dependencies": {
          "HotChocolate.Language.SyntaxTree": "16.6.4"
        }
      },
      "HotChocolate.Language.Web": {
        "type": "Transitive",
        "resolved": "16.6.4",
        "contentHash": "7GWlN019RYlbGJ88j9gw34exwD562PsiJ49zs8RALAzJnmC000KgH5vHikUbPVU5eeO8nUunyCEQafdgypY68A==",
        "dependencies": {
          "HotChocolate.Language.Utf8": "16.6.4",
          "HotChocolate.Language.Visitors": "16.6.4"
        }
      },
      "HotChocolate.PersistedOperations.Abstractions": {
        "type": "Transitive",
        "resolved": "16.6.4",
        "contentHash": "oUpPCiwIfrlk7Cswh+c9J+iRnmNIbRlA7EmGeL/nOR93xSMiCd9zgrkAtBggP4SdyESY9dD628lQZb8AkqXZdw==",
        "dependencies": {
          "HotChocolate.Execution.Abstractions": "16.6.4"
        }
      },
      "HotChocolate.PersistedOperations.Pipeline": {
        "type": "Transitive",
        "resolved": "16.6.4",
        "contentHash": "h1VeBRoKQVg5BZnhLHwUHhGApOa8Rk31s64PNG1darAqUnX9v8ZNd/oiv+cQ6CabraQHmbvvvR2DfE/XGsygcA==",
        "dependencies": {
          "HotChocolate.PersistedOperations.Abstractions": "16.6.4"
        }
      },
      "HotChocolate.Primitives": {
        "type": "Transitive",
        "resolved": "16.6.4",
        "contentHash": "u4FkIs8tKYWJ3I0vTEDPXaPhy4zfhFNZNWqef3tRPGpnQe1rg+7FdM+V1bNs6j94ucY8fX5DTNDJy9OGVe4e3g==",
        "dependencies": {
          "HotChocolate.Language": "16.6.4"
        }
      },
      "HotChocolate.Subscriptions": {
        "type": "Transitive",
        "resolved": "16.6.4",
        "contentHash": "L9CzlWy1cHZFixMWyZmtbI5pmqlfwHjGBjF0+pVnbJJaYQv2eSc4Q/8kdQjkhdGuhewPtC44OAMki1br9/Azpw==",
        "dependencies": {
          "HotChocolate.Abstractions": "16.6.4",
          "HotChocolate.Execution.Configuration.Abstractions": "16.6.4",
          "HotChocolate.Utilities": "16.6.4"
        }
      },
      "HotChocolate.Subscriptions.InMemory": {
        "type": "Transitive",
        "resolved": "16.6.4",
        "contentHash": "/3Tm/h3jw+nrv5CHtszE3iAnG3n3odP842QrTid7mxrEmaMEqE74RA00wTmFaO/bbepCnmymXLxox31nC30TAQ==",
        "dependencies": {
          "HotChocolate.Execution.Configuration.Abstractions": "16.6.4",
          "HotChocolate.Subscriptions": "16.6.4"
        }
      },
      "HotChocolate.Text.Json": {
        "type": "Transitive",
        "resolved": "16.6.4",
        "contentHash": "sBxtzPsvDjsw9V9VKy/NomlPE1ruprKHU5iTuHJUZ2i20Ihvq4ouxff0O7yCD1iA32NCaLNL3zvNJagZNV/nTQ=="
      },
      "HotChocolate.Transport.Formatters": {
        "type": "Transitive",
        "resolved": "16.6.4",
        "contentHash": "fl16wIiX4FAbSs2TSUM7yorg3awV2cUDNBMN9LU/mPcEN9yzgNN7FsIKQdl1TiqiXSAz5/ihVtBqLJBliws8uw==",
        "dependencies": {
          "HotChocolate.Execution.Abstractions": "16.6.4",
          "HotChocolate.Utilities.Buffers": "16.6.4",
          "HotChocolate.Utilities.Tasks": "16.6.4"
        }
      },
      "HotChocolate.Transport.Sockets": {
        "type": "Transitive",
        "resolved": "16.6.4",
        "contentHash": "g67fURnanTGuLJwWxRG4E5PJfl+K6TZx8afNc6u+flbbwmTR+7TKEx7b/ZrlzqxCSqASA4H+KN3h4/3nILT+gQ=="
      },
      "HotChocolate.Types": {
        "type": "Transitive",
        "resolved": "16.6.4",
        "contentHash": "UEpl+u8WuvQOK1vdlq+2uucLPQpuNXbzt27ij8xcEwOfZAimYC8dGep4MIb1ItdNk2X7PaOegGPQXWoh+oxSiQ==",
        "dependencies": {
          "GreenDonut": "16.6.4",
          "GreenDonut.Data.Primitives": "16.6.4",
          "HotChocolate.Abstractions": "16.6.4",
          "HotChocolate.Caching.Memory": "16.6.4",
          "HotChocolate.Execution.Abstractions": "16.6.4",
          "HotChocolate.Execution.Configuration.Abstractions": "16.6.4",
          "HotChocolate.Execution.Operation.Abstractions": "16.6.4",
          "HotChocolate.Execution.Pipeline": "16.6.4",
          "HotChocolate.Features": "16.6.4",
          "HotChocolate.Fusion.Language": "16.6.4",
          "HotChocolate.Fusion.Utilities": "16.6.4",
          "HotChocolate.PersistedOperations.Abstractions": "16.6.4",
          "HotChocolate.PersistedOperations.Pipeline": "16.6.4",
          "HotChocolate.Text.Json": "16.6.4",
          "HotChocolate.Transport.Formatters": "16.6.4",
          "HotChocolate.Types.Abstractions": "16.6.4",
          "HotChocolate.Utilities": "16.6.4",
          "HotChocolate.Utilities.Base36": "16.6.4",
          "HotChocolate.Utilities.DependencyInjection": "16.6.4"
        }
      },
      "HotChocolate.Types.Abstractions": {
        "type": "Transitive",
        "resolved": "16.6.4",
        "contentHash": "KrftIDiSImZmhQv+Johy6cGOzIKizZS4TbsJwzlSINrUtj/L8G7RVvFaUTl/iYXYIdganPopITsSCu+fs3UIVA==",
        "dependencies": {
          "HotChocolate.Features": "16.6.4",
          "HotChocolate.Primitives": "16.6.4"
        }
      },
      "HotChocolate.Types.CursorPagination": {
        "type": "Transitive",
        "resolved": "16.6.4",
        "contentHash": "hNoVzFKkZGzTofL0nPtMeqFpv6+zy2jqY9Ef3vnJuzSwCjD08g4SJNt947ViksDoqMUVPtH3xjZMiOS2vN9Z6w==",
        "dependencies": {
          "HotChocolate.Execution.Configuration.Abstractions": "16.6.4",
          "HotChocolate.Types": "16.6.4"
        }
      },
      "HotChocolate.Types.CursorPagination.Extensions": {
        "type": "Transitive",
        "resolved": "16.6.4",
        "contentHash": "uaWfK7+/WpYF/zOoeLF+QutSVHP3hQEW+MKHRc76Fg4tuhDxSw6c7rW3wEbOys7W1kAgnKfeVWtYkQCj4ifBBg==",
        "dependencies": {
          "GreenDonut.Data": "16.6.4",
          "HotChocolate.Types.CursorPagination": "16.6.4"
        }
      },
      "HotChocolate.Types.Errors": {
        "type": "Transitive",
        "resolved": "16.6.4",
        "contentHash": "S9KNljhZe94L/OQse+VsVwwIUunoyjBv4IvTfjCPy/6IWvc96q6Pkw5wC9C42X32PrCPqTsXL6vsc7G8mQLh3A==",
        "dependencies": {
          "HotChocolate.Types": "16.6.4"
        }
      },
      "HotChocolate.Types.Mutations": {
        "type": "Transitive",
        "resolved": "16.6.4",
        "contentHash": "l5umZs2JyB3wq8giyucXLKmKkaFEZxidzhaiZ2DsxXq969v0OlgZiGxdU5puMUJ1XNrWtQUocnURgo8tqOg/pg==",
        "dependencies": {
          "HotChocolate.Types": "16.6.4",
          "HotChocolate.Types.Errors": "16.6.4"
        }
      },
      "HotChocolate.Types.Queries": {
        "type": "Transitive",
        "resolved": "16.6.4",
        "contentHash": "WiMtlmgToK8/GLFR5zdUT9YdSmpU2kkDTd7l+56r1TB934+2Qp2hzl0zd6THCPx4Hd9BocwMjrUggSCgnDuDng==",
        "dependencies": {
          "HotChocolate.Types": "16.6.4",
          "HotChocolate.Types.Errors": "16.6.4"
        }
      },
      "HotChocolate.Types.Scalars.Upload": {
        "type": "Transitive",
        "resolved": "16.6.4",
        "contentHash": "GWkhJth8tpx3zF8xXu7oxXB+aeTGclwDZR8/kA0CI/efsIRbAj5k13HxTN7WG9/b7/SdV+iJer6pRS1J1fWOYQ==",
        "dependencies": {
          "HotChocolate.Types": "16.6.4"
        }
      },
      "HotChocolate.Utilities": {
        "type": "Transitive",
        "resolved": "16.6.4",
        "contentHash": "8kg+EoA7eS0uIOR/06CzKcEaZprWAxecwUkHFS2cOys7uRkXaxjgVfzwz1wARkAXEHhaMhFEQvVjHghQGQodYA==",
        "dependencies": {
          "HotChocolate.Utilities.Buffers": "16.6.4",
          "HotChocolate.Utilities.Tasks": "16.6.4"
        }
      },
      "HotChocolate.Utilities.Base36": {
        "type": "Transitive",
        "resolved": "16.6.4",
        "contentHash": "i0zQoDkaSXR07627r1l7SQ0psF9zOa7CUsmR7vrSmwhBItYe2AVR6z4M58JDo1MoHR5Nt6Mp8Y0dgrOL6OM6zg=="
      },
      "HotChocolate.Utilities.Buffers": {
        "type": "Transitive",
        "resolved": "16.6.4",
        "contentHash": "oeadDwUfn3oF97oNwF3QD3gEoOPOxl/sKwFGKj9BXNwgQnm9ho4DRFZrY0v4Gk78sGEsSxzfK8YlUz7pl5aAXA=="
      },
      "HotChocolate.Utilities.DependencyInjection": {
        "type": "Transitive",
        "resolved": "16.6.4",
        "contentHash": "1mw7EmE6mF/Ui+LGW1cyVPm0Rvko+szyU5q3AsH5NmiT+9iEEReLm3h716nF9f4RsYGnuNdXuUt1+eE6tfs/AQ=="
      },
      "HotChocolate.Utilities.Tasks": {
        "type": "Transitive",
        "resolved": "16.6.4",
        "contentHash": "/zsN3ARuQe39QWMEMlaQCV4Td4kSa4Ppzh979YeXATB7S039QyDyExgtzsPw2gu0WamuH+hqPsGdo3hSRqqUIQ=="
      },
      "HotChocolate.Validation": {
        "type": "Transitive",
        "resolved": "16.6.4",
        "contentHash": "H104wO+jzcY8OhZE9QEKWs5NGtC4Kj04oJOsgJ+do3KI2go9fKNtrHKfJLFfuR6HaREn6SDqswYViiR4BGItSg==",
        "dependencies": {
          "HotChocolate.Execution.Abstractions": "16.6.4",
          "HotChocolate.Types.Abstractions": "16.6.4"
        }
      },
      "Humanizer.Core": {
        "type": "Transitive",
        "resolved": "2.14.1",
        "contentHash": "lQKvtaTDOXnoVJ20ibTuSIOf2i0uO0MPbDhd1jm238I+U/2ZnRENj0cktKZhtchBMtCUSRQ5v4xBCUbKNmyVMw=="
      },
      "libsodium": {
        "type": "Transitive",
        "resolved": "1.0.22",
        "contentHash": "KPD9SloJFclrsjnhABu7dzWrcyYkwPbvx5l1gRSPAX/0n+OBtSiVCKtGFv4n+ecWUHU0tCG9LSSwoZZx673zBQ=="
      },
      "Microsoft.Build.Framework": {
        "type": "Transitive",
        "resolved": "18.0.2",
        "contentHash": "sOSb+0J4G/jCBW/YqmRuL0eOMXgfw1KQLdC9TkbvfA5xs7uNm+PBQXJCOzSJGXtZcZrtXozcwxPmUiRUbmd7FA=="
      },
      "Microsoft.CodeAnalysis.Analyzers": {
        "type": "Transitive",
        "resolved": "3.11.0",
        "contentHash": "v/EW3UE8/lbEYHoC2Qq7AR/DnmvpgdtAMndfQNmpuIMx/Mto8L5JnuCfdBYtgvalQOtfNCnxFejxuRrryvUTsg=="
      },
      "Microsoft.CodeAnalysis.Common": {
        "type": "Transitive",
        "resolved": "5.0.0",
        "contentHash": "ZXRAdvH6GiDeHRyd3q/km8Z44RoM6FBWHd+gen/la81mVnAdHTEsEkO5J0TCNXBymAcx5UYKt5TvgKBhaLJEow==",
        "dependencies": {
          "Microsoft.CodeAnalysis.Analyzers": "3.11.0"
        }
      },
      "Microsoft.CodeAnalysis.CSharp": {
        "type": "Transitive",
        "resolved": "5.0.0",
        "contentHash": "5DSyJ9bk+ATuDy7fp2Zt0mJStDVKbBoiz1DyfAwSa+k4H4IwykAUcV3URelw5b8/iVbfSaOwkwmPUZH6opZKCw==",
        "dependencies": {
          "Microsoft.CodeAnalysis.Analyzers": "3.11.0",
          "Microsoft.CodeAnalysis.Common": "[5.0.0]"
        }
      },
      "Microsoft.CodeAnalysis.CSharp.Workspaces": {
        "type": "Transitive",
        "resolved": "5.0.0",
        "contentHash": "Al/Q8B+yO8odSqGVpSvrShMFDvlQdIBU//F3E6Rb0YdiLSALE9wh/pvozPNnfmh5HDnvU+mkmSjpz4hQO++jaA==",
        "dependencies": {
          "Humanizer.Core": "2.14.1",
          "Microsoft.CodeAnalysis.Analyzers": "3.11.0",
          "Microsoft.CodeAnalysis.CSharp": "[5.0.0]",
          "Microsoft.CodeAnalysis.Common": "[5.0.0]",
          "Microsoft.CodeAnalysis.Workspaces.Common": "[5.0.0]",
          "System.Composition": "9.0.0"
        }
      },
      "Microsoft.CodeAnalysis.Workspaces.Common": {
        "type": "Transitive",
        "resolved": "5.0.0",
        "contentHash": "ZbUmIvT6lqTNKiv06Jl5wf0MTMi1vQ1oH7ou4CLcs2C/no/L7EhP3T8y3XXvn9VbqMcJaJnEsNA1jwYUMgc5jg==",
        "dependencies": {
          "Humanizer.Core": "2.14.1",
          "Microsoft.CodeAnalysis.Analyzers": "3.11.0",
          "Microsoft.CodeAnalysis.Common": "[5.0.0]",
          "System.Composition": "9.0.0"
        }
      },
      "Microsoft.CodeAnalysis.Workspaces.MSBuild": {
        "type": "Transitive",
        "resolved": "5.0.0",
        "contentHash": "/G+LVoAGMz6Ae8nm+PGLxSw+F5RjYx/J7irbTO5uKAPw1bxHyQJLc/YOnpDxt+EpPtYxvC9wvBsg/kETZp1F9Q==",
        "dependencies": {
          "Humanizer.Core": "2.14.1",
          "Microsoft.Build.Framework": "17.11.31",
          "Microsoft.CodeAnalysis.Analyzers": "3.11.0",
          "Microsoft.CodeAnalysis.Workspaces.Common": "[5.0.0]",
          "Microsoft.VisualStudio.SolutionPersistence": "1.0.52",
          "Newtonsoft.Json": "13.0.3",
          "System.Composition": "9.0.0"
        }
      },
      "Microsoft.EntityFrameworkCore": {
        "type": "Transitive",
        "resolved": "10.0.11",
        "contentHash": "VOSGU8en6HZJs8t7UMFN+9vGcRgVOOn6fA44Ngcg2NyvJ3P1KE94iAb0XzaVaGhXGtt+qaM/VtEn0/hzluQJeg==",
        "dependencies": {
          "Microsoft.EntityFrameworkCore.Abstractions": "10.0.11",
          "Microsoft.EntityFrameworkCore.Analyzers": "10.0.11"
        }
      },
      "Microsoft.EntityFrameworkCore.Abstractions": {
        "type": "Transitive",
        "resolved": "10.0.11",
        "contentHash": "6auJR+9+9VunznKfH7WGrHMrnrmA0F7JZ22EXzwXvVhjfnbu9Xq7NSIWaOf3KJsOanM2qf5ajJ2JR5TlcPZTLA=="
      },
      "Microsoft.EntityFrameworkCore.Analyzers": {
        "type": "Transitive",
        "resolved": "10.0.11",
        "contentHash": "Bv7X4wSSnzCQED9WYXKJ8fwgyvKwf0xZM1GO8xkf6CF9zl+UBnvjxmcPnokJRy0JKjc1SlHSzzhx1HcL4jitTQ=="
      },
      "Microsoft.EntityFrameworkCore.Relational": {
        "type": "Transitive",
        "resolved": "10.0.11",
        "contentHash": "grznnTJgEYxaWpdKAsTzg6j+89jHgCXWYp+QGtlX5O92+w/VuhWM6JLPYb+uw8M9VhGUvOTsO76dYOy9vNPd5Q==",
        "dependencies": {
          "Microsoft.EntityFrameworkCore": "10.0.11"
        }
      },
      "Microsoft.Extensions.DependencyModel": {
        "type": "Transitive",
        "resolved": "10.0.11",
        "contentHash": "PJPtFYsZ+r+uz9qqXWUTEyKeJ1EiBGIJtqavkg9ZXijjGSFAk4Fgi5sqIxj+uAyLZwEKgexDUQXhWhvU6l3+og=="
      },
      "Microsoft.OpenApi": {
        "type": "Transitive",
        "resolved": "2.7.5",
        "contentHash": "0FA67RSnRM4tcBKqiqVu/HPdZ9+QOKbmeRjxRUGTCjPU4C0bmUhd97Dso7Yild5P7nOV6GxJ2xrK0Kv/O9xp0w=="
      },
      "Microsoft.VisualStudio.SolutionPersistence": {
        "type": "Transitive",
        "resolved": "1.0.52",
        "contentHash": "oNv2JtYXhpdJrX63nibx1JT3uCESOBQ1LAk7Dtz/sr0+laW0KRM6eKp4CZ3MHDR2siIkKsY8MmUkeP5DKkQQ5w=="
      },
      "Mono.TextTemplating": {
        "type": "Transitive",
        "resolved": "3.0.0",
        "contentHash": "YqueG52R/Xej4VVbKuRIodjiAhV0HR/XVbLbNrJhCZnzjnSjgMJ/dCdV0akQQxavX6hp/LC6rqLGLcXeQYU7XA==",
        "dependencies": {
          "System.CodeDom": "6.0.0"
        }
      },
      "Newtonsoft.Json": {
        "type": "Transitive",
        "resolved": "13.0.4",
        "contentHash": "pdgNNMai3zv51W5aq268sujXUyx7SNdE2bj1wZcWjAQrKMFZV260lbqYop1d2GM67JI1huLRwxo9ZqnfF/lC6A=="
      },
      "Npgsql": {
        "type": "Transitive",
        "resolved": "10.0.3",
        "contentHash": "7nb5YzXuvWWJxB0J8DiyL3we+X4FOctZrt0fIBnucOIaIevFEEwGQVZKtiu9olXdlNAK1eNgqSral6r/jlhI4w=="
      },
      "SharpGrip.FluentValidation.AutoValidation.Shared": {
        "type": "Transitive",
        "resolved": "2.0.0",
        "contentHash": "0DWoin27wm38K/O0zVS5yeWJld2eg588B+4wJSmVlISrOj3kGwRmWCEXFR8lTNWFnKpXHNOtrIo1vdZnhkhzQg==",
        "dependencies": {
          "FluentValidation": "10.0.0"
        }
      },
      "System.CodeDom": {
        "type": "Transitive",
        "resolved": "6.0.0",
        "contentHash": "CPc6tWO1LAer3IzfZufDBRL+UZQcj5uS207NHALQzP84Vp/z6wF0Aa0YZImOQY8iStY0A2zI/e3ihKNPfUm8XA=="
      },
      "System.CommandLine": {
        "type": "Transitive",
        "resolved": "2.0.5",
        "contentHash": "2XtWAPk1G6arpe3OCFNrYYuf6iIboznxs2elJSGgd8e0euou7LfGYFon6hBEfDWNtOLr0M3+oUVgy1a5EGa41A=="
      },
      "System.Composition": {
        "type": "Transitive",
        "resolved": "9.0.0",
        "contentHash": "3Djj70fFTraOarSKmRnmRy/zm4YurICm+kiCtI0dYRqGJnLX6nJ+G3WYuFJ173cAPax/gh96REcbNiVqcrypFQ==",
        "dependencies": {
          "System.Composition.AttributedModel": "9.0.0",
          "System.Composition.Convention": "9.0.0",
          "System.Composition.Hosting": "9.0.0",
          "System.Composition.Runtime": "9.0.0",
          "System.Composition.TypedParts": "9.0.0"
        }
      },
      "System.Composition.AttributedModel": {
        "type": "Transitive",
        "resolved": "9.0.0",
        "contentHash": "iri00l/zIX9g4lHMY+Nz0qV1n40+jFYAmgsaiNn16xvt2RDwlqByNG4wgblagnDYxm3YSQQ0jLlC/7Xlk9CzyA=="
      },
      "System.Composition.Convention": {
        "type": "Transitive",
        "resolved": "9.0.0",
        "contentHash": "+vuqVP6xpi582XIjJi6OCsIxuoTZfR0M7WWufk3uGDeCl3wGW6KnpylUJ3iiXdPByPE0vR5TjJgR6hDLez4FQg==",
        "dependencies": {
          "System.Composition.AttributedModel": "9.0.0"
        }
      },
      "System.Composition.Hosting": {
        "type": "Transitive",
        "resolved": "9.0.0",
        "contentHash": "OFqSeFeJYr7kHxDfaViGM1ymk7d4JxK//VSoNF9Ux0gpqkLsauDZpu89kTHHNdCWfSljbFcvAafGyBoY094btQ==",
        "dependencies": {
          "System.Composition.Runtime": "9.0.0"
        }
      },
      "System.Composition.Runtime": {
        "type": "Transitive",
        "resolved": "9.0.0",
        "contentHash": "w1HOlQY1zsOWYussjFGZCEYF2UZXgvoYnS94NIu2CBnAGMbXFAX8PY8c92KwUItPmowal68jnVLBCzdrWLeEKA=="
      },
      "System.Composition.TypedParts": {
        "type": "Transitive",
        "resolved": "9.0.0",
        "contentHash": "aRZlojCCGEHDKqh43jaDgaVpYETsgd7Nx4g1zwLKMtv4iTo0627715ajEFNpEEBTgLmvZuv8K0EVxc3sM4NWJA==",
        "dependencies": {
          "System.Composition.AttributedModel": "9.0.0",
          "System.Composition.Hosting": "9.0.0",
          "System.Composition.Runtime": "9.0.0"
        }
      },
      "System.IO.Hashing": {
        "type": "Transitive",
        "resolved": "8.0.0",
        "contentHash": "ne1843evDugl0md7Fjzy6QjJrzsjh46ZKbhf8GwBXb5f/gw97J4bxMs0NQKifDuThh/f0bZ0e62NPl1jzTuRqA=="
      },
      "Yarp.ReverseProxy": {
        "type": "Transitive",
        "resolved": "2.3.0",
        "contentHash": "gxtkN3a+9biu9V9Zd5NaTO6VZWXAnS2mhQ0R/VXmSPoTuiQNZsakKikrKpDtKxrL5nUYzbRsHtl40WNq+ZBKKg==",
        "dependencies": {
          "System.IO.Hashing": "8.0.0"
        }
      }
    }
  }
}