{
  "version": 1,
  "dependencies": {
    "net10.0": {
      "EFCore.CheckConstraints": {
        "type": "Direct",
        "requested": "[10.0.0, )",
        "resolved": "10.0.0",
        "contentHash": "O6dAN5TlBvn0NKZ/At9iE3fMBZ89N83nlqnROSuH6W3EIoYIiXohklsIWfTh2iHomPAC9IKGi34D3FpdNbCXxg==",
        "dependencies": {
          "Microsoft.EntityFrameworkCore": "[10.0.0, 11.0.0)",
          "Microsoft.EntityFrameworkCore.Relational": "[10.0.0, 11.0.0)"
        }
      },
      "EFCore.NamingConventions": {
        "type": "Direct",
        "requested": "[10.0.1, )",
        "resolved": "10.0.1",
        "contentHash": "Xs5k8XfNKPkkQSkGmZkmDI1je0prLTdxse+s8PgTFZxyBrlrTLzTBUTVJtQKSsbvu4y+luAv8DdtO5SALJE++A==",
        "dependencies": {
          "Microsoft.EntityFrameworkCore": "[10.0.1, 11.0.0)",
          "Microsoft.EntityFrameworkCore.Relational": "[10.0.1, 11.0.0)"
        }
      },
      "FluentValidation": {
        "type": "Direct",
        "requested": "[12.1.1, )",
        "resolved": "12.1.1",
        "contentHash": "EPpkIe1yh1a0OXyC100oOA8WMbZvqUu5plwhvYcb7oSELfyUZzfxV48BLhvs3kKo4NwG7MGLNgy1RJiYtT8Dpw=="
      },
      "FluentValidation.DependencyInjectionExtensions": {
        "type": "Direct",
        "requested": "[12.1.1, )",
        "resolved": "12.1.1",
        "contentHash": "D0VXh4dtjjX2aQizuaa0g6R8X3U1JaVqJPfGCvLwZX9t/O2h7tkpbitbadQMfwcgSPdDbI2vDxuwRMv/Uf9dHA==",
        "dependencies": {
          "FluentValidation": "12.1.1"
        }
      },
      "Geralt": {
        "type": "Direct",
        "requested": "[4.4.0, )",
        "resolved": "4.4.0",
        "contentHash": "fQ0rNmRFrGkdQNW0IJwfA8VqDwPTDEVmxHme5Acet+70AeKcd9LDTXj8MXFPCHRPiNo3le+lFUW32+tEmITIOQ==",
        "dependencies": {
          "libsodium": "[1.0.22, 1.0.23)"
        }
      },
      "GreenDonut": {
        "type": "Direct",
        "requested": "[16.7.0-p.5, )",
        "resolved": "16.7.0-p.5",
        "contentHash": "g+TrTCnyBXHArJt85DogWrhlFj8tEU7UBTHUvGjG6AhPcWEwWhiXlZTTuWovZQl/LGNIdLbE4fo2TSYsUXeFvw==",
        "dependencies": {
          "GreenDonut.Abstractions": "16.7.0-p.5"
        }
      },
      "GreenDonut.Abstractions": {
        "type": "Direct",
        "requested": "[16.7.0-p.5, )",
        "resolved": "16.7.0-p.5",
        "contentHash": "YKHUjaOjcZkHP9YkWAuC4x7AURq416+Xotpi45aRNk1ybqlFqnEv6gNN53MQ+uZ6xNeGQHjJUOus7r/0NW58zg=="
      },
      "GreenDonut.Data.EntityFramework": {
        "type": "Direct",
        "requested": "[16.7.0-p.5, )",
        "resolved": "16.7.0-p.5",
        "contentHash": "PaTeF4ccKXY2D0rFtpKNGIaQEbAiA+qBZwq5T2m2H+44uBSv+iKURjys/nxlmPXuejNujfxstMPhXqfcJvAN8A==",
        "dependencies": {
          "GreenDonut.Data": "16.7.0-p.5",
          "Microsoft.EntityFrameworkCore": "10.0.0"
        }
      },
      "HotChocolate.AspNetCore": {
        "type": "Direct",
        "requested": "[16.7.0-p.5, )",
        "resolved": "16.7.0-p.5",
        "contentHash": "K1YQ9Ngu9AFnoJHS3fbGj1Htq01IuU1l0Bn1g/hzxG/Qd3OeAB2siWtj9nxxXUfjuYxgkplyCfN2eqbBHObLNQ==",
        "dependencies": {
          "ChilliCream.Nitro.App": "32.0.2",
          "HotChocolate": "16.7.0-p.5",
          "HotChocolate.AspNetCore.Pipeline": "16.7.0-p.5",
          "HotChocolate.Subscriptions.InMemory": "16.7.0-p.5",
          "HotChocolate.Transport.Formatters": "16.7.0-p.5",
          "HotChocolate.Transport.Sockets": "16.7.0-p.5",
          "HotChocolate.Types.Scalars.Upload": "16.7.0-p.5",
          "HotChocolate.Utilities.DependencyInjection": "16.7.0-p.5"
        }
      },
      "HotChocolate.AspNetCore.Authorization": {
        "type": "Direct",
        "requested": "[16.7.0-p.5, )",
        "resolved": "16.7.0-p.5",
        "contentHash": "Law6k7OcarPA1S7pdGn8a9Z0LxzZyxAdnWJjHF3Eu/mx+GRgn7hGMgm6pgxY9Jrqck3V9txmHc3/aIOJzLoTww==",
        "dependencies": {
          "HotChocolate": "16.7.0-p.5"
        }
      },
      "HotChocolate.AspNetCore.CommandLine": {
        "type": "Direct",
        "requested": "[16.7.0-p.5, )",
        "resolved": "16.7.0-p.5",
        "contentHash": "+9nJFmtJ4i0WfPNXbP+oQ2qDOLUyYUWpfG0/tJzXeyX5vMyJDmKhieX6CIMGDoKkk3fhVhhQNR47sH8AuqAQlQ==",
        "dependencies": {
          "HotChocolate": "16.7.0-p.5",
          "System.CommandLine": "2.0.5"
        }
      },
      "HotChocolate.Data": {
        "type": "Direct",
        "requested": "[16.7.0-p.5, )",
        "resolved": "16.7.0-p.5",
        "contentHash": "7JI+Yw35vHaKuQNPbv35BMqCFWGZO/ryRzgNvRUtrOJX+37I9B4K2+CJIG9gKg7bW+hnxCrsLYwOx9wj3gkyQw==",
        "dependencies": {
          "GreenDonut.Data": "16.7.0-p.5",
          "GreenDonut.Data.Abstractions": "16.7.0-p.5",
          "GreenDonut.Data.Primitives": "16.7.0-p.5",
          "HotChocolate.Execution.Operation.Abstractions": "16.7.0-p.5",
          "HotChocolate.Execution.Projections": "16.7.0-p.5",
          "HotChocolate.Types": "16.7.0-p.5",
          "HotChocolate.Types.CursorPagination.Extensions": "16.7.0-p.5"
        }
      },
      "HotChocolate.Types.Analyzers": {
        "type": "Direct",
        "requested": "[16.7.0-p.5, )",
        "resolved": "16.7.0-p.5",
        "contentHash": "IC4iniIqvfEN6QJrC/UaFJP07i/rMvLTdU0zdZcyaAC/5HjM9mIUHw3cuTVLE9227DcvidoFUmzASCJldzAqAg=="
      },
      "HotChocolate.Types.NodaTime": {
        "type": "Direct",
        "requested": "[16.7.0-p.5, )",
        "resolved": "16.7.0-p.5",
        "contentHash": "/WwgBS1F1SdJ/ovhQF8REJ/M4xliSMwdPME3RP65tHx62tH818GA8KXoK6VN3aM0lkfNSg8K5fGcrsVaS+rVBg==",
        "dependencies": {
          "HotChocolate.Types": "16.7.0-p.5",
          "NodaTime": "3.2.2"
        }
      },
      "Microsoft.AspNetCore.OpenApi": {
        "type": "Direct",
        "requested": "[10.0.11, )",
        "resolved": "10.0.11",
        "contentHash": "R/1EATnPLU+gRfB6lwVkMcymmyAY5ppBBdRN/5lhNEiT3xP1sWccuSFkU/f1lQvN/WgRq5Vn8AhCdE3fqgsL/w==",
        "dependencies": {
          "Microsoft.OpenApi": "[2.7.5, 3.0.0)"
        }
      },
      "Microsoft.EntityFrameworkCore.Design": {
        "type": "Direct",
        "requested": "[10.0.11, )",
        "resolved": "10.0.11",
        "contentHash": "0zlzPs/jtrp2jGNZSxHLd0bRgDB/TlCDT17pnt8hovTVgCmC6qbX1277/goAlnZbRip1mZp1TVjjG+tj9PQ/Uw==",
        "dependencies": {
          "Humanizer.Core": "2.14.1",
          "Microsoft.Build.Framework": "18.0.2",
          "Microsoft.CodeAnalysis.CSharp": "5.0.0",
          "Microsoft.CodeAnalysis.CSharp.Workspaces": "5.0.0",
          "Microsoft.CodeAnalysis.Workspaces.MSBuild": "5.0.0",
          "Microsoft.EntityFrameworkCore.Relational": "10.0.11",
          "Microsoft.Extensions.DependencyModel": "10.0.11",
          "Mono.TextTemplating": "3.0.0",
          "Newtonsoft.Json": "13.0.4"
        }
      },
      "Microsoft.Extensions.ApiDescription.Server": {
        "type": "Direct",
        "requested": "[10.0.11, )",
        "resolved": "10.0.11",
        "contentHash": "yijfZoSrAa46NIezh7YRvv0eL4zPuCJtkoMwmYn0EXPoNVU0Bl85ijva7RbX72Usrcfd7AYqQxv9VzYqSvObdw=="
      },
      "NodaTime": {
        "type": "Direct",
        "requested": "[3.3.3, )",
        "resolved": "3.3.3",
        "contentHash": "EwouHZv99j5hraq34yQqvCQGDR59dynxPHlxFm2vY/sw2N2aR8cFel29ZxPqohjBWp9Qsnld7QCY+7uZ2PESGg=="
      },
      "NodaTime.Serialization.SystemTextJson": {
        "type": "Direct",
        "requested": "[1.4.0, )",
        "resolved": "1.4.0",
        "contentHash": "jGe0WLNAoRb3efOgsa5iecmMuzP+LNdtw2Rs4N9+2pS4YN+kg8e9Z48Jk47WWebcpqF81YdWT2KNInbXZXTS7w==",
        "dependencies": {
          "NodaTime": "[3.0.0, 4.0.0)"
        }
      },
      "Npgsql.EntityFrameworkCore.PostgreSQL": {
        "type": "Direct",
        "requested": "[10.0.3, )",
        "resolved": "10.0.3",
        "contentHash": "IPGrrZnRkuW7OlHDhUESZz4G5DLkW7Nej/O3Cx+0iTsgyU5XJxBgpsvTHLloo3WWuAKKbDHXBvWPVkX1deRh1Q==",
        "dependencies": {
          "Microsoft.EntityFrameworkCore": "[10.0.4, 11.0.0)",
          "Microsoft.EntityFrameworkCore.Relational": "[10.0.4, 11.0.0)",
          "Npgsql": "10.0.3"
        }
      },
      "Npgsql.EntityFrameworkCore.PostgreSQL.NodaTime": {
        "type": "Direct",
        "requested": "[10.0.3, )",
        "resolved": "10.0.3",
        "contentHash": "V84fTKMoEBsi5bAKVWrLDWimGqC6Dhn7ioBtoTpsfjpRmTcpv7FqhSqlqREO+6sHFH2sSXEZHEPWJTPsuKhfjA==",
        "dependencies": {
          "Npgsql.EntityFrameworkCore.PostgreSQL": "10.0.3",
          "Npgsql.NodaTime": "10.0.3"
        }
      },
      "Npgsql.NodaTime": {
        "type": "Direct",
        "requested": "[10.0.3, )",
        "resolved": "10.0.3",
        "contentHash": "6ba1CM/zAoI7bTuBV7cFhTR3qqUsY5FqqqNoOh7dHoFHcyEEpIsMui3mC3Swyc+oyAJG0Zf8DCiXPnAf+sW09A==",
        "dependencies": {
          "NodaTime": "3.2.2",
          "Npgsql": "10.0.3"
        }
      },
      "Riok.Mapperly": {
        "type": "Direct",
        "requested": "[4.3.1, )",
        "resolved": "4.3.1",
        "contentHash": "oSE+OVLHyiojrws0QVbQaAT2YKsYbyHqJXPdV7EhGseR/dYgeWS2x1T5qY5I4E+RJkJqMSG+FyZOq4SljWgJWQ=="
      },
      "Scalar.AspNetCore": {
        "type": "Direct",
        "requested": "[2.17.3, )",
        "resolved": "2.17.3",
        "contentHash": "TwAf1zy/MH2famozcDqk9+/jD37VAbonRXfnjAso0Q2YKeWtA0kH59WxhuevvAxWDL3jUU3TDpNmUFS2gF9bHw=="
      },
      "SharpGrip.FluentValidation.AutoValidation.Endpoints": {
        "type": "Direct",
        "requested": "[2.0.0, )",
        "resolved": "2.0.0",
        "contentHash": "XO7t6wVt1XmO2BG2Y23X8/CFnu0r7XVlJTcWymTNoyXHHcr0Kip+b3IEe+Gc7kNqTXnCO+Rrmt6Xy9YdJ3b6yw==",
        "dependencies": {
          "SharpGrip.FluentValidation.AutoValidation.Shared": "2.0.0"
        }
      },
      "Tirion.FairyBread": {
        "type": "Direct",
        "requested": "[13.2.0, )",
        "resolved": "13.2.0",
        "contentHash": "7TUKBoAQrEOCSVfOGVZyte1yvqRLAPJxnbcxeLzJrax09rKvPbqJKKZVlzlxH3ucj2BItSdI6lXC8qrNem3oHA==",
        "dependencies": {
          "FluentValidation": "12.1.1",
          "HotChocolate.Types": "16.6.0"
        }
      },
      "ChilliCream.Nitro.App": {
        "type": "Transitive",
        "resolved": "32.0.2",
        "contentHash": "wSD2dFFraVpIsQDiy31k1vkGWYAGdzNVXOhtOIujMt/ADAzfkEbJUsPyF4qoktFspepN4VrAN7DMS8QRqkEhTg==",
        "dependencies": {
          "Yarp.ReverseProxy": "2.3.0"
        }
      },
      "GreenDonut.Data": {
        "type": "Transitive",
        "resolved": "16.7.0-p.5",
        "contentHash": "NywdZIT0A7As70XKY+cSMFqScR+gV2qpMo1Ee8+XwDfkX3U3/QIKRBO55FWLqRmByJPemoxLIHezWGNfN8x1bg==",
        "dependencies": {
          "GreenDonut": "16.7.0-p.5",
          "GreenDonut.Data.Abstractions": "16.7.0-p.5"
        }
      },
      "GreenDonut.Data.Abstractions": {
        "type": "Transitive",
        "resolved": "16.7.0-p.5",
        "contentHash": "F8VlMLlqykyROyGOOyWJxjUmM8PeXftzHCac88bbTQUWjdRpIa/AsFbV8UKZx1mDl/jXA4AcMO7c61m4fvnH7A==",
        "dependencies": {
          "GreenDonut.Abstractions": "16.7.0-p.5",
          "GreenDonut.Data.Primitives": "16.7.0-p.5"
        }
      },
      "GreenDonut.Data.Primitives": {
        "type": "Transitive",
        "resolved": "16.7.0-p.5",
        "contentHash": "2YHVVCS3/bqPvWrvT1ogEPEqjPVzfTsy9NHa509W7hfldAgovArmxQ6NMvNS0nvjn8R1SaCJj0c19BdwC6WDaA=="
      },
      "HotChocolate": {
        "type": "Transitive",
        "resolved": "16.7.0-p.5",
        "contentHash": "d9G0K9wuOPFjdhm4AK229Ibd7SB17b0/U1MsOBSGsYNUJL5YjrX6tVwbrRju8i7sD8LcHgMuD62LObokW3XDTg==",
        "dependencies": {
          "HotChocolate.Authorization": "16.7.0-p.5",
          "HotChocolate.CostAnalysis": "16.7.0-p.5",
          "HotChocolate.Execution.Projections": "16.7.0-p.5",
          "HotChocolate.Types": "16.7.0-p.5",
          "HotChocolate.Types.CursorPagination": "16.7.0-p.5",
          "HotChocolate.Types.CursorPagination.Extensions": "16.7.0-p.5",
          "HotChocolate.Types.Mutations": "16.7.0-p.5",
          "HotChocolate.Types.Queries": "16.7.0-p.5",
          "HotChocolate.Validation": "16.7.0-p.5"
        }
      },
      "HotChocolate.Abstractions": {
        "type": "Transitive",
        "resolved": "16.7.0-p.5",
        "contentHash": "ZsDMsgkHK88MG3R2y49CSx4VFGFQ/ItCfFM3rzU4k3UI4Y2Sby036cKbqTzsgiQx/UrmzuN53EdzCggr5n+f+g==",
        "dependencies": {
          "HotChocolate.Execution.Abstractions": "16.7.0-p.5",
          "HotChocolate.Language": "16.7.0-p.5",
          "HotChocolate.Primitives": "16.7.0-p.5"
        }
      },
      "HotChocolate.AspNetCore.Pipeline": {
        "type": "Transitive",
        "resolved": "16.7.0-p.5",
        "contentHash": "6OkrZlgmJ1WJVhTci2tKuupnIAnqqdwJy0rpxxphZvGnVXNZeTlNS1UmOJlDZE3sm6ma4ReiH08xP2ltIR5+BA==",
        "dependencies": {
          "ChilliCream.Nitro.App": "32.0.2",
          "HotChocolate.Caching.Memory": "16.7.0-p.5",
          "HotChocolate.PersistedOperations.Abstractions": "16.7.0-p.5",
          "HotChocolate.Transport.Formatters": "16.7.0-p.5",
          "HotChocolate.Transport.Sockets": "16.7.0-p.5"
        }
      },
      "HotChocolate.Authorization": {
        "type": "Transitive",
        "resolved": "16.7.0-p.5",
        "contentHash": "dakvoNZYYVblhjIYjUKp/6uGqpGwsrsxM7xhQYpIRVJUfBbEw4XkKXiazm+XQ67YBuPi2q4jODrU1yC1Tjnz0Q==",
        "dependencies": {
          "HotChocolate.Types": "16.7.0-p.5"
        }
      },
      "HotChocolate.Caching.Memory": {
        "type": "Transitive",
        "resolved": "16.7.0-p.5",
        "contentHash": "kGRokhLSDm7EJAjHS9cZ9gGymH5gdN2I4TTz2ejK3OFwKPUWsNRFDkepyz2SRnrx0g2gg5mNgP+hiOCvKrXWyQ=="
      },
      "HotChocolate.CostAnalysis": {
        "type": "Transitive",
        "resolved": "16.7.0-p.5",
        "contentHash": "prZFX5MwxyR/r7Bmuf88E3AXcwC/uu/0IoM/3rHyYvKDRVN4sDvM7EqyxtNMwUQn2kCuQ4YQrkiwX7LlV8x/hg==",
        "dependencies": {
          "HotChocolate.Types": "16.7.0-p.5"
        }
      },
      "HotChocolate.Execution.Abstractions": {
        "type": "Transitive",
        "resolved": "16.7.0-p.5",
        "contentHash": "kokpctDgb2jOPhE68ErAcfoaz6JwAO3hfm1TmpB0D2gMM5Cyri8QvvBWsbtsTqWCTbFuy/j+iHVE1k/FuTyUrg==",
        "dependencies": {
          "HotChocolate.Features": "16.7.0-p.5",
          "HotChocolate.Language.SyntaxTree": "16.7.0-p.5",
          "HotChocolate.Language.Web": "16.7.0-p.5",
          "HotChocolate.Primitives": "16.7.0-p.5",
          "HotChocolate.Text.Json": "16.7.0-p.5",
          "HotChocolate.Types.Abstractions": "16.7.0-p.5",
          "HotChocolate.Utilities.Buffers": "16.7.0-p.5",
          "HotChocolate.Utilities.Tasks": "16.7.0-p.5"
        }
      },
      "HotChocolate.Execution.Configuration.Abstractions": {
        "type": "Transitive",
        "resolved": "16.7.0-p.5",
        "contentHash": "9QCDXjYz5swNZbKaXTpq7kutiXuzM7qh4BVX3zn8jleEamiJ8kXCp5hc1plgF5YK39AewYVZdYxDatFG60Bo3A==",
        "dependencies": {
          "HotChocolate.Abstractions": "16.7.0-p.5"
        }
      },
      "HotChocolate.Execution.Operation.Abstractions": {
        "type": "Transitive",
        "resolved": "16.7.0-p.5",
        "contentHash": "Z/LDYN51TvzyHbAUjdLGLwJxyRC8ZRjxOPDH9IjvKuzvz7TiICFp+8mTAVakJp4a2bXpXATZw+S97x2/hPyYdQ==",
        "dependencies": {
          "HotChocolate.Features": "16.7.0-p.5",
          "HotChocolate.Types.Abstractions": "16.7.0-p.5"
        }
      },
      "HotChocolate.Execution.Pipeline": {
        "type": "Transitive",
        "resolved": "16.7.0-p.5",
        "contentHash": "57qN9OVfpyT5z28zkvr0Mk5KSNMYJGfb/FPiH+glQCRc6CMzKt+Flgt0hjLCm+uQ3Gisdkx6mxgWSMe6Ge8hrA==",
        "dependencies": {
          "HotChocolate.Execution.Abstractions": "16.7.0-p.5",
          "HotChocolate.Validation": "16.7.0-p.5"
        }
      },
      "HotChocolate.Execution.Projections": {
        "type": "Transitive",
        "resolved": "16.7.0-p.5",
        "contentHash": "+/NAJJDBoQzScA5Qw1t2PrKlVROL/7aKowGpeP1MiZk05rgQYDhgM6HmV4738NFPoBvrVWOEfRFfp4+As+bZxw==",
        "dependencies": {
          "GreenDonut.Data": "16.7.0-p.5",
          "GreenDonut.Data.Abstractions": "16.7.0-p.5",
          "GreenDonut.Data.Primitives": "16.7.0-p.5",
          "HotChocolate.Caching.Memory": "16.7.0-p.5",
          "HotChocolate.Execution.Configuration.Abstractions": "16.7.0-p.5",
          "HotChocolate.Types": "16.7.0-p.5"
        }
      },
      "HotChocolate.Features": {
        "type": "Transitive",
        "resolved": "16.7.0-p.5",
        "contentHash": "SgJhQFjoNIBYk6weFgdhclNyWdJe6lje7pEEXwLlCZjFa601R9RqYaxd3IUcLC+oDQ0lN+kyZBuUMIjM4VzN5g=="
      },
      "HotChocolate.Fusion.Language": {
        "type": "Transitive",
        "resolved": "16.7.0-p.5",
        "contentHash": "G7cenEbW+FT8jOeaNAMvM4waDWyg+BoVHxBXw0KetCtSyTzKfDvYocwpo0BVM2m3DhrTTyxj1x4Q0zIdQJqs7A=="
      },
      "HotChocolate.Fusion.Utilities": {
        "type": "Transitive",
        "resolved": "16.7.0-p.5",
        "contentHash": "o+IWUh8FzV5u46KF57q04VccfXMbaR3gfsO6F71VvOBuAChuuCvvf8QV58w7hU26vjPdnlCNm6OQRTrp5MzATQ==",
        "dependencies": {
          "HotChocolate.Execution.Abstractions": "16.7.0-p.5",
          "HotChocolate.Fusion.Language": "16.7.0-p.5",
          "HotChocolate.Language": "16.7.0-p.5",
          "HotChocolate.Types.Abstractions": "16.7.0-p.5"
        }
      },
      "HotChocolate.Language": {
        "type": "Transitive",
        "resolved": "16.7.0-p.5",
        "contentHash": "eMmyoaydb5NzuMs6PcathO2revGBUynq6pqom8dnEOI9HyH8xHOiDtnNlVynpfmGsl/smQ/8k4lcxETtno7XDg==",
        "dependencies": {
          "HotChocolate.Language.SyntaxTree": "16.7.0-p.5",
          "HotChocolate.Language.Utf8": "16.7.0-p.5",
          "HotChocolate.Language.Visitors": "16.7.0-p.5",
          "HotChocolate.Language.Web": "16.7.0-p.5"
        }
      },
      "HotChocolate.Language.SyntaxTree": {
        "type": "Transitive",
        "resolved": "16.7.0-p.5",
        "contentHash": "ItWe/xTrUUPOT8S2bPrHQw3XbQLAR0oSv5eBMLlwP+hwj33ZK3RAhKJXsdnB09zK1BG8LJbV3f5YdyyP9MHCqQ==",
        "dependencies": {
          "HotChocolate.Utilities.Buffers": "16.7.0-p.5"
        }
      },
      "HotChocolate.Language.Utf8": {
        "type": "Transitive",
        "resolved": "16.7.0-p.5",
        "contentHash": "sOETn4DycQACeE8l4qJm/RcWfd2w3HrlKdUESpJwZRDJEjPRRq5qrYFYr1TXhTAXLcpnNOJAX6CQ8JYRf2NTtw==",
        "dependencies": {
          "HotChocolate.Language.SyntaxTree": "16.7.0-p.5",
          "HotChocolate.Language.Utf8.SyntaxTree": "16.7.0-p.5",
          "HotChocolate.Utilities.Buffers": "16.7.0-p.5"
        }
      },
      "HotChocolate.Language.Utf8.SyntaxTree": {
        "type": "Transitive",
        "resolved": "16.7.0-p.5",
        "contentHash": "rQMj3bl9h1iJVSKhHizgzZvrEOCo0WVszRhGVb3ieJiMCP8wGAiqNaNd1Scpzw91Mv5kD6juRM0cXgwiFzfuxw==",
        "dependencies": {
          "HotChocolate.Language.SyntaxTree": "16.7.0-p.5",
          "HotChocolate.Utilities.Buffers": "16.7.0-p.5"
        }
      },
      "HotChocolate.Language.Visitors": {
        "type": "Transitive",
        "resolved": "16.7.0-p.5",
        "contentHash": "Egrvrf4OFVfQRKjPYQiKtYe97dxWCy+UmCqujuJJoDAXIlMTH/zEms7lN7pYFnk7X6jDeiCjcuWfkrMVw9R3Bg==",
        "dependencies": {
          "HotChocolate.Language.SyntaxTree": "16.7.0-p.5"
        }
      },
      "HotChocolate.Language.Web": {
        "type": "Transitive",
        "resolved": "16.7.0-p.5",
        "contentHash": "8mFZQ21YfZwxKKB7C2tLTavN+z0MImIcbn/pXUMQseZEQSJf0G81DkCAFnfPgfbEpg935fE3s4BUVSqt77q/BA==",
        "dependencies": {
          "HotChocolate.Language.Utf8": "16.7.0-p.5",
          "HotChocolate.Language.Visitors": "16.7.0-p.5"
        }
      },
      "HotChocolate.PersistedOperations.Abstractions": {
        "type": "Transitive",
        "resolved": "16.7.0-p.5",
        "contentHash": "nEQ4JJXwlywqaNVYnIIVP7cFTKGiSHkDWEVzUlWN6PQoUE7wo9lBcC4Pkywcirw8oURkHecnXZHSMG4+76j4ig==",
        "dependencies": {
          "HotChocolate.Execution.Abstractions": "16.7.0-p.5"
        }
      },
      "HotChocolate.PersistedOperations.Pipeline": {
        "type": "Transitive",
        "resolved": "16.7.0-p.5",
        "contentHash": "falGUyP1/4KISHrDAe4fMbkv+d43VNOpP2WdUTW2DKn/1ERVBsJBRHe9pzMcf/O5AFoiwNLOb2Ty5v7lxBKINA==",
        "dependencies": {
          "HotChocolate.PersistedOperations.Abstractions": "16.7.0-p.5"
        }
      },
      "HotChocolate.Primitives": {
        "type": "Transitive",
        "resolved": "16.7.0-p.5",
        "contentHash": "sm04Pg6csByYzacH6aAWYEW3pN7MKsk3XyrJ0YbSsMk3MI9NUCByd8zibmaf5/MVOognDVzKCCskgy55JJODEQ==",
        "dependencies": {
          "HotChocolate.Language": "16.7.0-p.5"
        }
      },
      "HotChocolate.Subscriptions": {
        "type": "Transitive",
        "resolved": "16.7.0-p.5",
        "contentHash": "0Laes5TmdNYn0RgZDBvK9T5LC15IlGJQbXzIRu/BNF4uzvGy0XG7UW5L5/Mo7ECpAO3AjQjPa/OX9Y4hx6zCTQ==",
        "dependencies": {
          "HotChocolate.Abstractions": "16.7.0-p.5",
          "HotChocolate.Execution.Configuration.Abstractions": "16.7.0-p.5",
          "HotChocolate.Utilities": "16.7.0-p.5"
        }
      },
      "HotChocolate.Subscriptions.InMemory": {
        "type": "Transitive",
        "resolved": "16.7.0-p.5",
        "contentHash": "vjxEDQf0dLuUIcHBt19xdfSRy1mlfSXU9iNI0MKCfA2X3tFPEDJiL1iXmFxUMqtLiDBHgJHCn3PChRRY5aNPIA==",
        "dependencies": {
          "HotChocolate.Execution.Configuration.Abstractions": "16.7.0-p.5",
          "HotChocolate.Subscriptions": "16.7.0-p.5"
        }
      },
      "HotChocolate.Text.Json": {
        "type": "Transitive",
        "resolved": "16.7.0-p.5",
        "contentHash": "7SDDXf7PEZX1wfBBo/uXM23GD+65GskO6sCZtpuxvzsQelXULnt5F5mjoT24+zQMU+wKgq3tWiDH+fQ2N138rg=="
      },
      "HotChocolate.Transport.Formatters": {
        "type": "Transitive",
        "resolved": "16.7.0-p.5",
        "contentHash": "cgapRwwnVYDmOepbBOR197q9Ykt54dcKUQiNYlzX1SN12mtQGeiBrXWnMFwFdXTgUWqz1NNHux1uH8CtClb11w==",
        "dependencies": {
          "HotChocolate.Execution.Abstractions": "16.7.0-p.5",
          "HotChocolate.Utilities.Buffers": "16.7.0-p.5",
          "HotChocolate.Utilities.Tasks": "16.7.0-p.5"
        }
      },
      "HotChocolate.Transport.Sockets": {
        "type": "Transitive",
        "resolved": "16.7.0-p.5",
        "contentHash": "Gzl4tM6TRmx3LJLvq/p+MYn9AA+PyflMI4KcZQqlAJE6cJsUAQ7t8b5NE6v/OgTWbw1eUU6XN4Oo8MoxkIGmTQ=="
      },
      "HotChocolate.Types": {
        "type": "Transitive",
        "resolved": "16.7.0-p.5",
        "contentHash": "2j2SSKYIQz0mVh2MSJn2j3tH/afnUe6JzE30Nd/5KGA6Yca7vSrW+2Z9H4DDJquTw1perCliYpv+xvyieipxZA==",
        "dependencies": {
          "GreenDonut": "16.7.0-p.5",
          "GreenDonut.Data.Primitives": "16.7.0-p.5",
          "HotChocolate.Abstractions": "16.7.0-p.5",
          "HotChocolate.Caching.Memory": "16.7.0-p.5",
          "HotChocolate.Execution.Abstractions": "16.7.0-p.5",
          "HotChocolate.Execution.Configuration.Abstractions": "16.7.0-p.5",
          "HotChocolate.Execution.Operation.Abstractions": "16.7.0-p.5",
          "HotChocolate.Execution.Pipeline": "16.7.0-p.5",
          "HotChocolate.Features": "16.7.0-p.5",
          "HotChocolate.Fusion.Language": "16.7.0-p.5",
          "HotChocolate.Fusion.Utilities": "16.7.0-p.5",
          "HotChocolate.PersistedOperations.Abstractions": "16.7.0-p.5",
          "HotChocolate.PersistedOperations.Pipeline": "16.7.0-p.5",
          "HotChocolate.Text.Json": "16.7.0-p.5",
          "HotChocolate.Transport.Formatters": "16.7.0-p.5",
          "HotChocolate.Types.Abstractions": "16.7.0-p.5",
          "HotChocolate.Utilities": "16.7.0-p.5",
          "HotChocolate.Utilities.Base36": "16.7.0-p.5",
          "HotChocolate.Utilities.DependencyInjection": "16.7.0-p.5"
        }
      },
      "HotChocolate.Types.Abstractions": {
        "type": "Transitive",
        "resolved": "16.7.0-p.5",
        "contentHash": "VxTjQ8KljLXaL490gwDfyoAL8E0IRtWwQAbr08ngA11bZCa72QmvO9T4SsnpSlzbeg5jV/YsOhXQY1ih+Oc0Lg==",
        "dependencies": {
          "HotChocolate.Features": "16.7.0-p.5",
          "HotChocolate.Primitives": "16.7.0-p.5"
        }
      },
      "HotChocolate.Types.CursorPagination": {
        "type": "Transitive",
        "resolved": "16.7.0-p.5",
        "contentHash": "Fxcho/YCYefRTx/oMMZ4yRMCCIxOmPhnNE4ku82okbbkns+j/MuOgeDYCnbYe7Mb2MDGfU8JsTTPQEhYbHjZhg==",
        "dependencies": {
          "HotChocolate.Execution.Configuration.Abstractions": "16.7.0-p.5",
          "HotChocolate.Types": "16.7.0-p.5"
        }
      },
      "HotChocolate.Types.CursorPagination.Extensions": {
        "type": "Transitive",
        "resolved": "16.7.0-p.5",
        "contentHash": "hmLE2LzAApAYQOR+nQfVd+RpzywRfRiS/zpzPXQAybs3nmfOdyXgdGuTyPlL78dHWZS5bfdV4elm/8G3iuLe1Q==",
        "dependencies": {
          "GreenDonut.Data": "16.7.0-p.5",
          "HotChocolate.Types.CursorPagination": "16.7.0-p.5"
        }
      },
      "HotChocolate.Types.Errors": {
        "type": "Transitive",
        "resolved": "16.7.0-p.5",
        "contentHash": "84ufuIMqixpYHyqBZpwizQN203ZZZ0OO77OVbio2T7DHfit+BBW5NR9osESb5fWhk1Ft1yHrrHhJY+9tLzwB9g==",
        "dependencies": {
          "HotChocolate.Types": "16.7.0-p.5"
        }
      },
      "HotChocolate.Types.Mutations": {
        "type": "Transitive",
        "resolved": "16.7.0-p.5",
        "contentHash": "PcJsKwyFC5KX45B+vZGnMkj464OxtClXbUmQg9slm5IP2z6da1mxhalP9esht2YVajBQsA9cInECgYn1s2hT7A==",
        "dependencies": {
          "HotChocolate.Types": "16.7.0-p.5",
          "HotChocolate.Types.Errors": "16.7.0-p.5"
        }
      },
      "HotChocolate.Types.Queries": {
        "type": "Transitive",
        "resolved": "16.7.0-p.5",
        "contentHash": "JG9pT31pfgfZjPtD78CfoZZHTHJJVNfY6Vnn9705ZnhBtHLZkJVtQJTLe+pT5/z3kbNNnISzFO6W5qdjiFmdjg==",
        "dependencies": {
          "HotChocolate.Types": "16.7.0-p.5",
          "HotChocolate.Types.Errors": "16.7.0-p.5"
        }
      },
      "HotChocolate.Types.Scalars.Upload": {
        "type": "Transitive",
        "resolved": "16.7.0-p.5",
        "contentHash": "ru+eLPPsMIDGqKxK1nJSMKUK3LqwNpPOMIQUCdHWAKRHvavJYm5ZCz+0NtP+rDKBFNgZgE8rmH6UjaUR+D6E9w==",
        "dependencies": {
          "HotChocolate.Types": "16.7.0-p.5"
        }
      },
      "HotChocolate.Utilities": {
        "type": "Transitive",
        "resolved": "16.7.0-p.5",
        "contentHash": "0v067t1SL/d51Mv+E6bE/tg8DQeEXhnoy7DtgkggQhf0rPXs5w3rLhWY/XOkSiQa82TRWk6OQh0+St48qzaZDg==",
        "dependencies": {
          "HotChocolate.Utilities.Buffers": "16.7.0-p.5",
          "HotChocolate.Utilities.Tasks": "16.7.0-p.5"
        }
      },
      "HotChocolate.Utilities.Base36": {
        "type": "Transitive",
        "resolved": "16.7.0-p.5",
        "contentHash": "GmK5ZOHr97k1NTAWCj5cZ9VZdgTtSL8FoIRkhcIugILcauRgp9tzpkQab7mMZacKkOe7GC6lqsu6z3eWPORbXw=="
      },
      "HotChocolate.Utilities.Buffers": {
        "type": "Transitive",
        "resolved": "16.7.0-p.5",
        "contentHash": "PM5QJj21pumE+5rZz/YIBs3/LjyvpLHM30qEaR6Y1Ol+L3mInpb70XcNo8zhE6dpxFMPxtf20CHqGnhQHraJXg=="
      },
      "HotChocolate.Utilities.DependencyInjection": {
        "type": "Transitive",
        "resolved": "16.7.0-p.5",
        "contentHash": "efzjCS6x86QqIm94psUGUUjNi8N1PruS/cLDuPmpVo0+QLGUfAQHtsmYWqCXOFjqPkSGVeSDtQ5/L3vxpQBuYA=="
      },
      "HotChocolate.Utilities.Tasks": {
        "type": "Transitive",
        "resolved": "16.7.0-p.5",
        "contentHash": "SL+f6/bgqfEqw2swNBQGS9b8ioUoneK0H5Yl2IHCMUcn/VVQCgcPVzIhvP+Gf1I0uzI96U4nDpqcPQl367c8Uw=="
      },
      "HotChocolate.Validation": {
        "type": "Transitive",
        "resolved": "16.7.0-p.5",
        "contentHash": "QNEEXIV+eI5Yg56FI+N8QdLWUcPBkDXV4HXs49IlpYqrHmZnHvn8vzw4GZMUUU8YGmdOa0p8athJGyiLAT9MTA==",
        "dependencies": {
          "HotChocolate.Execution.Abstractions": "16.7.0-p.5",
          "HotChocolate.Types.Abstractions": "16.7.0-p.5"
        }
      },
      "Humanizer.Core": {
        "type": "Transitive",
        "resolved": "2.14.1",
        "contentHash": "lQKvtaTDOXnoVJ20ibTuSIOf2i0uO0MPbDhd1jm238I+U/2ZnRENj0cktKZhtchBMtCUSRQ5v4xBCUbKNmyVMw=="
      },
      "libsodium": {
        "type": "Transitive",
        "resolved": "1.0.22",
        "contentHash": "KPD9SloJFclrsjnhABu7dzWrcyYkwPbvx5l1gRSPAX/0n+OBtSiVCKtGFv4n+ecWUHU0tCG9LSSwoZZx673zBQ=="
      },
      "Microsoft.Build.Framework": {
        "type": "Transitive",
        "resolved": "18.0.2",
        "contentHash": "sOSb+0J4G/jCBW/YqmRuL0eOMXgfw1KQLdC9TkbvfA5xs7uNm+PBQXJCOzSJGXtZcZrtXozcwxPmUiRUbmd7FA=="
      },
      "Microsoft.CodeAnalysis.Analyzers": {
        "type": "Transitive",
        "resolved": "3.11.0",
        "contentHash": "v/EW3UE8/lbEYHoC2Qq7AR/DnmvpgdtAMndfQNmpuIMx/Mto8L5JnuCfdBYtgvalQOtfNCnxFejxuRrryvUTsg=="
      },
      "Microsoft.CodeAnalysis.Common": {
        "type": "Transitive",
        "resolved": "5.0.0",
        "contentHash": "ZXRAdvH6GiDeHRyd3q/km8Z44RoM6FBWHd+gen/la81mVnAdHTEsEkO5J0TCNXBymAcx5UYKt5TvgKBhaLJEow==",
        "dependencies": {
          "Microsoft.CodeAnalysis.Analyzers": "3.11.0"
        }
      },
      "Microsoft.CodeAnalysis.CSharp": {
        "type": "Transitive",
        "resolved": "5.0.0",
        "contentHash": "5DSyJ9bk+ATuDy7fp2Zt0mJStDVKbBoiz1DyfAwSa+k4H4IwykAUcV3URelw5b8/iVbfSaOwkwmPUZH6opZKCw==",
        "dependencies": {
          "Microsoft.CodeAnalysis.Analyzers": "3.11.0",
          "Microsoft.CodeAnalysis.Common": "[5.0.0]"
        }
      },
      "Microsoft.CodeAnalysis.CSharp.Workspaces": {
        "type": "Transitive",
        "resolved": "5.0.0",
        "contentHash": "Al/Q8B+yO8odSqGVpSvrShMFDvlQdIBU//F3E6Rb0YdiLSALE9wh/pvozPNnfmh5HDnvU+mkmSjpz4hQO++jaA==",
        "dependencies": {
          "Humanizer.Core": "2.14.1",
          "Microsoft.CodeAnalysis.Analyzers": "3.11.0",
          "Microsoft.CodeAnalysis.CSharp": "[5.0.0]",
          "Microsoft.CodeAnalysis.Common": "[5.0.0]",
          "Microsoft.CodeAnalysis.Workspaces.Common": "[5.0.0]",
          "System.Composition": "9.0.0"
        }
      },
      "Microsoft.CodeAnalysis.Workspaces.Common": {
        "type": "Transitive",
        "resolved": "5.0.0",
        "contentHash": "ZbUmIvT6lqTNKiv06Jl5wf0MTMi1vQ1oH7ou4CLcs2C/no/L7EhP3T8y3XXvn9VbqMcJaJnEsNA1jwYUMgc5jg==",
        "dependencies": {
          "Humanizer.Core": "2.14.1",
          "Microsoft.CodeAnalysis.Analyzers": "3.11.0",
          "Microsoft.CodeAnalysis.Common": "[5.0.0]",
          "System.Composition": "9.0.0"
        }
      },
      "Microsoft.CodeAnalysis.Workspaces.MSBuild": {
        "type": "Transitive",
        "resolved": "5.0.0",
        "contentHash": "/G+LVoAGMz6Ae8nm+PGLxSw+F5RjYx/J7irbTO5uKAPw1bxHyQJLc/YOnpDxt+EpPtYxvC9wvBsg/kETZp1F9Q==",
        "dependencies": {
          "Humanizer.Core": "2.14.1",
          "Microsoft.Build.Framework": "17.11.31",
          "Microsoft.CodeAnalysis.Analyzers": "3.11.0",
          "Microsoft.CodeAnalysis.Workspaces.Common": "[5.0.0]",
          "Microsoft.VisualStudio.SolutionPersistence": "1.0.52",
          "Newtonsoft.Json": "13.0.3",
          "System.Composition": "9.0.0"
        }
      },
      "Microsoft.EntityFrameworkCore": {
        "type": "Transitive",
        "resolved": "10.0.11",
        "contentHash": "VOSGU8en6HZJs8t7UMFN+9vGcRgVOOn6fA44Ngcg2NyvJ3P1KE94iAb0XzaVaGhXGtt+qaM/VtEn0/hzluQJeg==",
        "dependencies": {
          "Microsoft.EntityFrameworkCore.Abstractions": "10.0.11",
          "Microsoft.EntityFrameworkCore.Analyzers": "10.0.11"
        }
      },
      "Microsoft.EntityFrameworkCore.Abstractions": {
        "type": "Transitive",
        "resolved": "10.0.11",
        "contentHash": "6auJR+9+9VunznKfH7WGrHMrnrmA0F7JZ22EXzwXvVhjfnbu9Xq7NSIWaOf3KJsOanM2qf5ajJ2JR5TlcPZTLA=="
      },
      "Microsoft.EntityFrameworkCore.Analyzers": {
        "type": "Transitive",
        "resolved": "10.0.11",
        "contentHash": "Bv7X4wSSnzCQED9WYXKJ8fwgyvKwf0xZM1GO8xkf6CF9zl+UBnvjxmcPnokJRy0JKjc1SlHSzzhx1HcL4jitTQ=="
      },
      "Microsoft.EntityFrameworkCore.Relational": {
        "type": "Transitive",
        "resolved": "10.0.11",
        "contentHash": "grznnTJgEYxaWpdKAsTzg6j+89jHgCXWYp+QGtlX5O92+w/VuhWM6JLPYb+uw8M9VhGUvOTsO76dYOy9vNPd5Q==",
        "dependencies": {
          "Microsoft.EntityFrameworkCore": "10.0.11"
        }
      },
      "Microsoft.Extensions.DependencyModel": {
        "type": "Transitive",
        "resolved": "10.0.11",
        "contentHash": "PJPtFYsZ+r+uz9qqXWUTEyKeJ1EiBGIJtqavkg9ZXijjGSFAk4Fgi5sqIxj+uAyLZwEKgexDUQXhWhvU6l3+og=="
      },
      "Microsoft.OpenApi": {
        "type": "Transitive",
        "resolved": "2.7.5",
        "contentHash": "0FA67RSnRM4tcBKqiqVu/HPdZ9+QOKbmeRjxRUGTCjPU4C0bmUhd97Dso7Yild5P7nOV6GxJ2xrK0Kv/O9xp0w=="
      },
      "Microsoft.VisualStudio.SolutionPersistence": {
        "type": "Transitive",
        "resolved": "1.0.52",
        "contentHash": "oNv2JtYXhpdJrX63nibx1JT3uCESOBQ1LAk7Dtz/sr0+laW0KRM6eKp4CZ3MHDR2siIkKsY8MmUkeP5DKkQQ5w=="
      },
      "Mono.TextTemplating": {
        "type": "Transitive",
        "resolved": "3.0.0",
        "contentHash": "YqueG52R/Xej4VVbKuRIodjiAhV0HR/XVbLbNrJhCZnzjnSjgMJ/dCdV0akQQxavX6hp/LC6rqLGLcXeQYU7XA==",
        "dependencies": {
          "System.CodeDom": "6.0.0"
        }
      },
      "Newtonsoft.Json": {
        "type": "Transitive",
        "resolved": "13.0.4",
        "contentHash": "pdgNNMai3zv51W5aq268sujXUyx7SNdE2bj1wZcWjAQrKMFZV260lbqYop1d2GM67JI1huLRwxo9ZqnfF/lC6A=="
      },
      "Npgsql": {
        "type": "Transitive",
        "resolved": "10.0.3",
        "contentHash": "7nb5YzXuvWWJxB0J8DiyL3we+X4FOctZrt0fIBnucOIaIevFEEwGQVZKtiu9olXdlNAK1eNgqSral6r/jlhI4w=="
      },
      "SharpGrip.FluentValidation.AutoValidation.Shared": {
        "type": "Transitive",
        "resolved": "2.0.0",
        "contentHash": "0DWoin27wm38K/O0zVS5yeWJld2eg588B+4wJSmVlISrOj3kGwRmWCEXFR8lTNWFnKpXHNOtrIo1vdZnhkhzQg==",
        "dependencies": {
          "FluentValidation": "10.0.0"
        }
      },
      "System.CodeDom": {
        "type": "Transitive",
        "resolved": "6.0.0",
        "contentHash": "CPc6tWO1LAer3IzfZufDBRL+UZQcj5uS207NHALQzP84Vp/z6wF0Aa0YZImOQY8iStY0A2zI/e3ihKNPfUm8XA=="
      },
      "System.CommandLine": {
        "type": "Transitive",
        "resolved": "2.0.5",
        "contentHash": "2XtWAPk1G6arpe3OCFNrYYuf6iIboznxs2elJSGgd8e0euou7LfGYFon6hBEfDWNtOLr0M3+oUVgy1a5EGa41A=="
      },
      "System.Composition": {
        "type": "Transitive",
        "resolved": "9.0.0",
        "contentHash": "3Djj70fFTraOarSKmRnmRy/zm4YurICm+kiCtI0dYRqGJnLX6nJ+G3WYuFJ173cAPax/gh96REcbNiVqcrypFQ==",
        "dependencies": {
          "System.Composition.AttributedModel": "9.0.0",
          "System.Composition.Convention": "9.0.0",
          "System.Composition.Hosting": "9.0.0",
          "System.Composition.Runtime": "9.0.0",
          "System.Composition.TypedParts": "9.0.0"
        }
      },
      "System.Composition.AttributedModel": {
        "type": "Transitive",
        "resolved": "9.0.0",
        "contentHash": "iri00l/zIX9g4lHMY+Nz0qV1n40+jFYAmgsaiNn16xvt2RDwlqByNG4wgblagnDYxm3YSQQ0jLlC/7Xlk9CzyA=="
      },
      "System.Composition.Convention": {
        "type": "Transitive",
        "resolved": "9.0.0",
        "contentHash": "+vuqVP6xpi582XIjJi6OCsIxuoTZfR0M7WWufk3uGDeCl3wGW6KnpylUJ3iiXdPByPE0vR5TjJgR6hDLez4FQg==",
        "dependencies": {
          "System.Composition.AttributedModel": "9.0.0"
        }
      },
      "System.Composition.Hosting": {
        "type": "Transitive",
        "resolved": "9.0.0",
        "contentHash": "OFqSeFeJYr7kHxDfaViGM1ymk7d4JxK//VSoNF9Ux0gpqkLsauDZpu89kTHHNdCWfSljbFcvAafGyBoY094btQ==",
        "dependencies": {
          "System.Composition.Runtime": "9.0.0"
        }
      },
      "System.Composition.Runtime": {
        "type": "Transitive",
        "resolved": "9.0.0",
        "contentHash": "w1HOlQY1zsOWYussjFGZCEYF2UZXgvoYnS94NIu2CBnAGMbXFAX8PY8c92KwUItPmowal68jnVLBCzdrWLeEKA=="
      },
      "System.Composition.TypedParts": {
        "type": "Transitive",
        "resolved": "9.0.0",
        "contentHash": "aRZlojCCGEHDKqh43jaDgaVpYETsgd7Nx4g1zwLKMtv4iTo0627715ajEFNpEEBTgLmvZuv8K0EVxc3sM4NWJA==",
        "dependencies": {
          "System.Composition.AttributedModel": "9.0.0",
          "System.Composition.Hosting": "9.0.0",
          "System.Composition.Runtime": "9.0.0"
        }
      },
      "System.IO.Hashing": {
        "type": "Transitive",
        "resolved": "8.0.0",
        "contentHash": "ne1843evDugl0md7Fjzy6QjJrzsjh46ZKbhf8GwBXb5f/gw97J4bxMs0NQKifDuThh/f0bZ0e62NPl1jzTuRqA=="
      },
      "Yarp.ReverseProxy": {
        "type": "Transitive",
        "resolved": "2.3.0",
        "contentHash": "gxtkN3a+9biu9V9Zd5NaTO6VZWXAnS2mhQ0R/VXmSPoTuiQNZsakKikrKpDtKxrL5nUYzbRsHtl40WNq+ZBKKg==",
        "dependencies": {
          "System.IO.Hashing": "8.0.0"
        }
      }
    }
  }
}